// !$*UTF8*$!
{
	archiveVersion = 1;
	classes = {
	};
	objectVersion = 56;
	objects = {

/* Begin PBXBuildFile section */
		5B9451282A8083F000E30E9E /* CleverGroveApp.swift in Sources */ = {isa = PBXBuildFile; fileRef = 5B9451272A8083F000E30E9E /* CleverGroveApp.swift */; };
		5B94512C2A8083F100E30E9E /* Assets.xcassets in Resources */ = {isa = PBXBuildFile; fileRef = 5B94512B2A8083F100E30E9E /* Assets.xcassets */; };
		5B9451302A8083F100E30E9E /* Preview Assets.xcassets in Resources */ = {isa = PBXBuildFile; fileRef = 5B94512F2A8083F100E30E9E /* Preview Assets.xcassets */; };
		5B94513A2A8083F100E30E9E /* CleverGroveTests.swift in Sources */ = {isa = PBXBuildFile; fileRef = 5B9451392A8083F100E30E9E /* CleverGroveTests.swift */; };
		5B9451442A8083F100E30E9E /* CleverGroveUITests.swift in Sources */ = {isa = PBXBuildFile; fileRef = 5B9451432A8083F100E30E9E /* CleverGroveUITests.swift */; };
		5B9451462A8083F100E30E9E /* CleverGroveUITestsLaunchTests.swift in Sources */ = {isa = PBXBuildFile; fileRef = 5B9451452A8083F100E30E9E /* CleverGroveUITestsLaunchTests.swift */; };
		5B9451562A80848D00E30E9E /* Embeddings.swift in Sources */ = {isa = PBXBuildFile; fileRef = 5B9451522A80848D00E30E9E /* Embeddings.swift */; };
		5B9451592A80848D00E30E9E /* OpenAICoordinator.swift in Sources */ = {isa = PBXBuildFile; fileRef = 5B9451552A80848D00E30E9E /* OpenAICoordinator.swift */; };
		5B94515B2A8084F200E30E9E /* ContentView.swift in Sources */ = {isa = PBXBuildFile; fileRef = 5B94515A2A8084F200E30E9E /* ContentView.swift */; };
		5B94515E2A80852800E30E9E /* OpenAIKit in Frameworks */ = {isa = PBXBuildFile; productRef = 5B94515D2A80852800E30E9E /* OpenAIKit */; };
		5BA8F1182A81714500C093C8 /* OpenAI-Info.plist in Resources */ = {isa = PBXBuildFile; fileRef = 5BA8F1172A81714500C093C8 /* OpenAI-Info.plist */; };
		5BA8F11A2A81744A00C093C8 /* KeyStore.swift in Sources */ = {isa = PBXBuildFile; fileRef = 5BA8F1192A81744A00C093C8 /* KeyStore.swift */; };
		5BA8F11F2A817FAB00C093C8 /* ExpertSummary.swift in Sources */ = {isa = PBXBuildFile; fileRef = 5BA8F11E2A817FAB00C093C8 /* ExpertSummary.swift */; };
		5BA8F1212A81841500C093C8 /* ExpertListView.swift in Sources */ = {isa = PBXBuildFile; fileRef = 5BA8F1202A81841500C093C8 /* ExpertListView.swift */; };
		5BA8F1232A8187E500C093C8 /* ExpertProfile.swift in Sources */ = {isa = PBXBuildFile; fileRef = 5BA8F1222A8187E500C093C8 /* ExpertProfile.swift */; };
		5BA8F1252A8190F800C093C8 /* ChatBubble.swift in Sources */ = {isa = PBXBuildFile; fileRef = 5BA8F1242A8190F800C093C8 /* ChatBubble.swift */; };
		5BA8F1272A8192E700C093C8 /* ChatModel.swift in Sources */ = {isa = PBXBuildFile; fileRef = 5BA8F1262A8192E700C093C8 /* ChatModel.swift */; };
		5BA8F1292A81933200C093C8 /* CustomScrollView.swift in Sources */ = {isa = PBXBuildFile; fileRef = 5BA8F1282A81933200C093C8 /* CustomScrollView.swift */; };
		5BA8F12B2A81939200C093C8 /* ChatView.swift in Sources */ = {isa = PBXBuildFile; fileRef = 5BA8F12A2A81939200C093C8 /* ChatView.swift */; };
		5BA8F12E2A81B04F00C093C8 /* hi_rules.json in Resources */ = {isa = PBXBuildFile; fileRef = 5BA8F12D2A81B04F00C093C8 /* hi_rules.json */; };
/* End PBXBuildFile section */

/* Begin PBXContainerItemProxy section */
		5B9451362A8083F100E30E9E /* PBXContainerItemProxy */ = {
			isa = PBXContainerItemProxy;
			containerPortal = 5B94511C2A8083F000E30E9E /* Project object */;
			proxyType = 1;
			remoteGlobalIDString = 5B9451232A8083F000E30E9E;
			remoteInfo = CleverGrove;
		};
		5B9451402A8083F100E30E9E /* PBXContainerItemProxy */ = {
			isa = PBXContainerItemProxy;
			containerPortal = 5B94511C2A8083F000E30E9E /* Project object */;
			proxyType = 1;
			remoteGlobalIDString = 5B9451232A8083F000E30E9E;
			remoteInfo = CleverGrove;
		};
/* End PBXContainerItemProxy section */

/* Begin PBXFileReference section */
		5B9451242A8083F000E30E9E /* CleverGrove.app */ = {isa = PBXFileReference; explicitFileType = wrapper.application; includeInIndex = 0; path = CleverGrove.app; sourceTree = BUILT_PRODUCTS_DIR; };
		5B9451272A8083F000E30E9E /* CleverGroveApp.swift */ = {isa = PBXFileReference; lastKnownFileType = sourcecode.swift; path = CleverGroveApp.swift; sourceTree = "<group>"; };
		5B94512B2A8083F100E30E9E /* Assets.xcassets */ = {isa = PBXFileReference; lastKnownFileType = folder.assetcatalog; path = Assets.xcassets; sourceTree = "<group>"; };
		5B94512D2A8083F100E30E9E /* CleverGrove.entitlements */ = {isa = PBXFileReference; lastKnownFileType = text.plist.entitlements; path = CleverGrove.entitlements; sourceTree = "<group>"; };
		5B94512F2A8083F100E30E9E /* Preview Assets.xcassets */ = {isa = PBXFileReference; lastKnownFileType = folder.assetcatalog; path = "Preview Assets.xcassets"; sourceTree = "<group>"; };
		5B9451352A8083F100E30E9E /* CleverGroveTests.xctest */ = {isa = PBXFileReference; explicitFileType = wrapper.cfbundle; includeInIndex = 0; path = CleverGroveTests.xctest; sourceTree = BUILT_PRODUCTS_DIR; };
		5B9451392A8083F100E30E9E /* CleverGroveTests.swift */ = {isa = PBXFileReference; lastKnownFileType = sourcecode.swift; path = CleverGroveTests.swift; sourceTree = "<group>"; };
		5B94513F2A8083F100E30E9E /* CleverGroveUITests.xctest */ = {isa = PBXFileReference; explicitFileType = wrapper.cfbundle; includeInIndex = 0; path = CleverGroveUITests.xctest; sourceTree = BUILT_PRODUCTS_DIR; };
		5B9451432A8083F100E30E9E /* CleverGroveUITests.swift */ = {isa = PBXFileReference; lastKnownFileType = sourcecode.swift; path = CleverGroveUITests.swift; sourceTree = "<group>"; };
		5B9451452A8083F100E30E9E /* CleverGroveUITestsLaunchTests.swift */ = {isa = PBXFileReference; lastKnownFileType = sourcecode.swift; path = CleverGroveUITestsLaunchTests.swift; sourceTree = "<group>"; };
		5B9451522A80848D00E30E9E /* Embeddings.swift */ = {isa = PBXFileReference; fileEncoding = 4; lastKnownFileType = sourcecode.swift; path = Embeddings.swift; sourceTree = "<group>"; };
		5B9451552A80848D00E30E9E /* OpenAICoordinator.swift */ = {isa = PBXFileReference; fileEncoding = 4; lastKnownFileType = sourcecode.swift; path = OpenAICoordinator.swift; sourceTree = "<group>"; };
		5B94515A2A8084F200E30E9E /* ContentView.swift */ = {isa = PBXFileReference; fileEncoding = 4; lastKnownFileType = sourcecode.swift; path = ContentView.swift; sourceTree = "<group>"; };
		5BA8F1172A81714500C093C8 /* OpenAI-Info.plist */ = {isa = PBXFileReference; lastKnownFileType = text.plist.xml; path = "OpenAI-Info.plist"; sourceTree = "<group>"; };
		5BA8F1192A81744A00C093C8 /* KeyStore.swift */ = {isa = PBXFileReference; lastKnownFileType = sourcecode.swift; path = KeyStore.swift; sourceTree = "<group>"; };
		5BA8F11E2A817FAB00C093C8 /* ExpertSummary.swift */ = {isa = PBXFileReference; lastKnownFileType = sourcecode.swift; path = ExpertSummary.swift; sourceTree = "<group>"; };
		5BA8F1202A81841500C093C8 /* ExpertListView.swift */ = {isa = PBXFileReference; lastKnownFileType = sourcecode.swift; path = ExpertListView.swift; sourceTree = "<group>"; };
		5BA8F1222A8187E500C093C8 /* ExpertProfile.swift */ = {isa = PBXFileReference; lastKnownFileType = sourcecode.swift; path = ExpertProfile.swift; sourceTree = "<group>"; };
		5BA8F1242A8190F800C093C8 /* ChatBubble.swift */ = {isa = PBXFileReference; lastKnownFileType = sourcecode.swift; path = ChatBubble.swift; sourceTree = "<group>"; };
		5BA8F1262A8192E700C093C8 /* ChatModel.swift */ = {isa = PBXFileReference; lastKnownFileType = sourcecode.swift; path = ChatModel.swift; sourceTree = "<group>"; };
		5BA8F1282A81933200C093C8 /* CustomScrollView.swift */ = {isa = PBXFileReference; lastKnownFileType = sourcecode.swift; path = CustomScrollView.swift; sourceTree = "<group>"; };
		5BA8F12A2A81939200C093C8 /* ChatView.swift */ = {isa = PBXFileReference; lastKnownFileType = sourcecode.swift; path = ChatView.swift; sourceTree = "<group>"; };
		5BA8F12D2A81B04F00C093C8 /* hi_rules.json */ = {isa = PBXFileReference; fileEncoding = 4; lastKnownFileType = text.json; path = hi_rules.json; sourceTree = "<group>"; };
/* End PBXFileReference section */

/* Begin PBXFrameworksBuildPhase section */
		5B9451212A8083F000E30E9E /* Frameworks */ = {
			isa = PBXFrameworksBuildPhase;
			buildActionMask = 2147483647;
			files = (
				5B94515E2A80852800E30E9E /* OpenAIKit in Frameworks */,
			);
			runOnlyForDeploymentPostprocessing = 0;
		};
		5B9451322A8083F100E30E9E /* Frameworks */ = {
			isa = PBXFrameworksBuildPhase;
			buildActionMask = 2147483647;
			files = (
			);
			runOnlyForDeploymentPostprocessing = 0;
		};
		5B94513C2A8083F100E30E9E /* Frameworks */ = {
			isa = PBXFrameworksBuildPhase;
			buildActionMask = 2147483647;
			files = (
			);
			runOnlyForDeploymentPostprocessing = 0;
		};
/* End PBXFrameworksBuildPhase section */

/* Begin PBXGroup section */
		5B94511B2A8083F000E30E9E = {
			isa = PBXGroup;
			children = (
				5B9451262A8083F000E30E9E /* CleverGrove */,
				5B9451382A8083F100E30E9E /* CleverGroveTests */,
				5B9451422A8083F100E30E9E /* CleverGroveUITests */,
				5B9451252A8083F000E30E9E /* Products */,
			);
			sourceTree = "<group>";
		};
		5B9451252A8083F000E30E9E /* Products */ = {
			isa = PBXGroup;
			children = (
				5B9451242A8083F000E30E9E /* CleverGrove.app */,
				5B9451352A8083F100E30E9E /* CleverGroveTests.xctest */,
				5B94513F2A8083F100E30E9E /* CleverGroveUITests.xctest */,
			);
			name = Products;
			sourceTree = "<group>";
		};
		5B9451262A8083F000E30E9E /* CleverGrove */ = {
			isa = PBXGroup;
			children = (
				5B9451272A8083F000E30E9E /* CleverGroveApp.swift */,
				5B94515A2A8084F200E30E9E /* ContentView.swift */,
				5BA8F11D2A817F8D00C093C8 /* Chat */,
				5BA8F12F2A81B40800C093C8 /* AI */,
				5B94512E2A8083F100E30E9E /* Preview Content */,
				5BA8F12C2A81B02A00C093C8 /* Resources */,
				5BA8F11B2A817BA800C093C8 /* keys */,
				5B94512B2A8083F100E30E9E /* Assets.xcassets */,
				5B94512D2A8083F100E30E9E /* CleverGrove.entitlements */,
			);
			path = CleverGrove;
			sourceTree = "<group>";
		};
		5B94512E2A8083F100E30E9E /* Preview Content */ = {
			isa = PBXGroup;
			children = (
				5B94512F2A8083F100E30E9E /* Preview Assets.xcassets */,
			);
			path = "Preview Content";
			sourceTree = "<group>";
		};
		5B9451382A8083F100E30E9E /* CleverGroveTests */ = {
			isa = PBXGroup;
			children = (
				5B9451392A8083F100E30E9E /* CleverGroveTests.swift */,
			);
			path = CleverGroveTests;
			sourceTree = "<group>";
		};
		5B9451422A8083F100E30E9E /* CleverGroveUITests */ = {
			isa = PBXGroup;
			children = (
				5B9451432A8083F100E30E9E /* CleverGroveUITests.swift */,
				5B9451452A8083F100E30E9E /* CleverGroveUITestsLaunchTests.swift */,
			);
			path = CleverGroveUITests;
			sourceTree = "<group>";
		};
		5BA8F11B2A817BA800C093C8 /* keys */ = {
			isa = PBXGroup;
			children = (
				5BA8F1192A81744A00C093C8 /* KeyStore.swift */,
				5BA8F1172A81714500C093C8 /* OpenAI-Info.plist */,
			);
			path = keys;
			sourceTree = "<group>";
		};
		5BA8F11D2A817F8D00C093C8 /* Chat */ = {
			isa = PBXGroup;
			children = (
				5BA8F12A2A81939200C093C8 /* ChatView.swift */,
				5BA8F1242A8190F800C093C8 /* ChatBubble.swift */,
				5BA8F1262A8192E700C093C8 /* ChatModel.swift */,
				5BA8F11E2A817FAB00C093C8 /* ExpertSummary.swift */,
				5BA8F1202A81841500C093C8 /* ExpertListView.swift */,
				5BA8F1222A8187E500C093C8 /* ExpertProfile.swift */,
				5BA8F1282A81933200C093C8 /* CustomScrollView.swift */,
			);
			path = Chat;
			sourceTree = "<group>";
		};
		5BA8F12C2A81B02A00C093C8 /* Resources */ = {
			isa = PBXGroup;
			children = (
				5BA8F12D2A81B04F00C093C8 /* hi_rules.json */,
			);
			path = Resources;
			sourceTree = "<group>";
		};
		5BA8F12F2A81B40800C093C8 /* AI */ = {
			isa = PBXGroup;
			children = (
				5B9451522A80848D00E30E9E /* Embeddings.swift */,
				5B9451552A80848D00E30E9E /* OpenAICoordinator.swift */,
			);
			path = AI;
			sourceTree = "<group>";
		};
/* End PBXGroup section */

/* Begin PBXNativeTarget section */
		5B9451232A8083F000E30E9E /* CleverGrove */ = {
			isa = PBXNativeTarget;
			buildConfigurationList = 5B9451492A8083F100E30E9E /* Build configuration list for PBXNativeTarget "CleverGrove" */;
			buildPhases = (
				5B9451202A8083F000E30E9E /* Sources */,
				5B9451212A8083F000E30E9E /* Frameworks */,
				5B9451222A8083F000E30E9E /* Resources */,
			);
			buildRules = (
			);
			dependencies = (
			);
			name = CleverGrove;
			packageProductDependencies = (
				5B94515D2A80852800E30E9E /* OpenAIKit */,
			);
			productName = CleverGrove;
			productReference = 5B9451242A8083F000E30E9E /* CleverGrove.app */;
			productType = "com.apple.product-type.application";
		};
		5B9451342A8083F100E30E9E /* CleverGroveTests */ = {
			isa = PBXNativeTarget;
			buildConfigurationList = 5B94514C2A8083F100E30E9E /* Build configuration list for PBXNativeTarget "CleverGroveTests" */;
			buildPhases = (
				5B9451312A8083F100E30E9E /* Sources */,
				5B9451322A8083F100E30E9E /* Frameworks */,
				5B9451332A8083F100E30E9E /* Resources */,
			);
			buildRules = (
			);
			dependencies = (
				5B9451372A8083F100E30E9E /* PBXTargetDependency */,
			);
			name = CleverGroveTests;
			productName = CleverGroveTests;
			productReference = 5B9451352A8083F100E30E9E /* CleverGroveTests.xctest */;
			productType = "com.apple.product-type.bundle.unit-test";
		};
		5B94513E2A8083F100E30E9E /* CleverGroveUITests */ = {
			isa = PBXNativeTarget;
			buildConfigurationList = 5B94514F2A8083F100E30E9E /* Build configuration list for PBXNativeTarget "CleverGroveUITests" */;
			buildPhases = (
				5B94513B2A8083F100E30E9E /* Sources */,
				5B94513C2A8083F100E30E9E /* Frameworks */,
				5B94513D2A8083F100E30E9E /* Resources */,
			);
			buildRules = (
			);
			dependencies = (
				5B9451412A8083F100E30E9E /* PBXTargetDependency */,
			);
			name = CleverGroveUITests;
			productName = CleverGroveUITests;
			productReference = 5B94513F2A8083F100E30E9E /* CleverGroveUITests.xctest */;
			productType = "com.apple.product-type.bundle.ui-testing";
		};
/* End PBXNativeTarget section */

/* Begin PBXProject section */
		5B94511C2A8083F000E30E9E /* Project object */ = {
			isa = PBXProject;
			attributes = {
				BuildIndependentTargetsInParallel = 1;
				LastSwiftUpdateCheck = 1430;
				LastUpgradeCheck = 1430;
				TargetAttributes = {
					5B9451232A8083F000E30E9E = {
						CreatedOnToolsVersion = 14.3.1;
					};
					5B9451342A8083F100E30E9E = {
						CreatedOnToolsVersion = 14.3.1;
						TestTargetID = 5B9451232A8083F000E30E9E;
					};
					5B94513E2A8083F100E30E9E = {
						CreatedOnToolsVersion = 14.3.1;
						TestTargetID = 5B9451232A8083F000E30E9E;
					};
				};
			};
			buildConfigurationList = 5B94511F2A8083F000E30E9E /* Build configuration list for PBXProject "CleverGrove" */;
			compatibilityVersion = "Xcode 14.0";
			developmentRegion = en;
			hasScannedForEncodings = 0;
			knownRegions = (
				en,
				Base,
			);
			mainGroup = 5B94511B2A8083F000E30E9E;
			packageReferences = (
				5B94515C2A80852800E30E9E /* XCRemoteSwiftPackageReference "OpenAI" */,
			);
			productRefGroup = 5B9451252A8083F000E30E9E /* Products */;
			projectDirPath = "";
			projectRoot = "";
			targets = (
				5B9451232A8083F000E30E9E /* CleverGrove */,
				5B9451342A8083F100E30E9E /* CleverGroveTests */,
				5B94513E2A8083F100E30E9E /* CleverGroveUITests */,
			);
		};
/* End PBXProject section */

/* Begin PBXResourcesBuildPhase section */
		5B9451222A8083F000E30E9E /* Resources */ = {
			isa = PBXResourcesBuildPhase;
			buildActionMask = 2147483647;
			files = (
				5BA8F12E2A81B04F00C093C8 /* hi_rules.json in Resources */,
				5B9451302A8083F100E30E9E /* Preview Assets.xcassets in Resources */,
				5BA8F1182A81714500C093C8 /* OpenAI-Info.plist in Resources */,
				5B94512C2A8083F100E30E9E /* Assets.xcassets in Resources */,
			);
			runOnlyForDeploymentPostprocessing = 0;
		};
		5B9451332A8083F100E30E9E /* Resources */ = {
			isa = PBXResourcesBuildPhase;
			buildActionMask = 2147483647;
			files = (
			);
			runOnlyForDeploymentPostprocessing = 0;
		};
		5B94513D2A8083F100E30E9E /* Resources */ = {
			isa = PBXResourcesBuildPhase;
			buildActionMask = 2147483647;
			files = (
			);
			runOnlyForDeploymentPostprocessing = 0;
		};
/* End PBXResourcesBuildPhase section */

/* Begin PBXSourcesBuildPhase section */
		5B9451202A8083F000E30E9E /* Sources */ = {
			isa = PBXSourcesBuildPhase;
			buildActionMask = 2147483647;
			files = (
				5B9451562A80848D00E30E9E /* Embeddings.swift in Sources */,
				5BA8F11A2A81744A00C093C8 /* KeyStore.swift in Sources */,
				5BA8F11F2A817FAB00C093C8 /* ExpertSummary.swift in Sources */,
				5BA8F1212A81841500C093C8 /* ExpertListView.swift in Sources */,
				5BA8F12B2A81939200C093C8 /* ChatView.swift in Sources */,
				5B94515B2A8084F200E30E9E /* ContentView.swift in Sources */,
				5BA8F1272A8192E700C093C8 /* ChatModel.swift in Sources */,
				5B9451282A8083F000E30E9E /* CleverGroveApp.swift in Sources */,
				5B9451592A80848D00E30E9E /* OpenAICoordinator.swift in Sources */,
				5BA8F1252A8190F800C093C8 /* ChatBubble.swift in Sources */,
				5BA8F1232A8187E500C093C8 /* ExpertProfile.swift in Sources */,
				5BA8F1292A81933200C093C8 /* CustomScrollView.swift in Sources */,
			);
			runOnlyForDeploymentPostprocessing = 0;
		};
		5B9451312A8083F100E30E9E /* Sources */ = {
			isa = PBXSourcesBuildPhase;
			buildActionMask = 2147483647;
			files = (
				5B94513A2A8083F100E30E9E /* CleverGroveTests.swift in Sources */,
			);
			runOnlyForDeploymentPostprocessing = 0;
		};
		5B94513B2A8083F100E30E9E /* Sources */ = {
			isa = PBXSourcesBuildPhase;
			buildActionMask = 2147483647;
			files = (
				5B9451442A8083F100E30E9E /* CleverGroveUITests.swift in Sources */,
				5B9451462A8083F100E30E9E /* CleverGroveUITestsLaunchTests.swift in Sources */,
			);
			runOnlyForDeploymentPostprocessing = 0;
		};
/* End PBXSourcesBuildPhase section */

/* Begin PBXTargetDependency section */
		5B9451372A8083F100E30E9E /* PBXTargetDependency */ = {
			isa = PBXTargetDependency;
			target = 5B9451232A8083F000E30E9E /* CleverGrove */;
			targetProxy = 5B9451362A8083F100E30E9E /* PBXContainerItemProxy */;
		};
		5B9451412A8083F100E30E9E /* PBXTargetDependency */ = {
			isa = PBXTargetDependency;
			target = 5B9451232A8083F000E30E9E /* CleverGrove */;
			targetProxy = 5B9451402A8083F100E30E9E /* PBXContainerItemProxy */;
		};
/* End PBXTargetDependency section */

/* Begin XCBuildConfiguration section */
		5B9451472A8083F100E30E9E /* Debug */ = {
			isa = XCBuildConfiguration;
			buildSettings = {
				ALWAYS_SEARCH_USER_PATHS = NO;
				CLANG_ANALYZER_NONNULL = YES;
				CLANG_ANALYZER_NUMBER_OBJECT_CONVERSION = YES_AGGRESSIVE;
				CLANG_CXX_LANGUAGE_STANDARD = "gnu++20";
				CLANG_ENABLE_MODULES = YES;
				CLANG_ENABLE_OBJC_ARC = YES;
				CLANG_ENABLE_OBJC_WEAK = YES;
				CLANG_WARN_BLOCK_CAPTURE_AUTORELEASING = YES;
				CLANG_WARN_BOOL_CONVERSION = YES;
				CLANG_WARN_COMMA = YES;
				CLANG_WARN_CONSTANT_CONVERSION = YES;
				CLANG_WARN_DEPRECATED_OBJC_IMPLEMENTATIONS = YES;
				CLANG_WARN_DIRECT_OBJC_ISA_USAGE = YES_ERROR;
				CLANG_WARN_DOCUMENTATION_COMMENTS = YES;
				CLANG_WARN_EMPTY_BODY = YES;
				CLANG_WARN_ENUM_CONVERSION = YES;
				CLANG_WARN_INFINITE_RECURSION = YES;
				CLANG_WARN_INT_CONVERSION = YES;
				CLANG_WARN_NON_LITERAL_NULL_CONVERSION = YES;
				CLANG_WARN_OBJC_IMPLICIT_RETAIN_SELF = YES;
				CLANG_WARN_OBJC_LITERAL_CONVERSION = YES;
				CLANG_WARN_OBJC_ROOT_CLASS = YES_ERROR;
				CLANG_WARN_QUOTED_INCLUDE_IN_FRAMEWORK_HEADER = YES;
				CLANG_WARN_RANGE_LOOP_ANALYSIS = YES;
				CLANG_WARN_STRICT_PROTOTYPES = YES;
				CLANG_WARN_SUSPICIOUS_MOVE = YES;
				CLANG_WARN_UNGUARDED_AVAILABILITY = YES_AGGRESSIVE;
				CLANG_WARN_UNREACHABLE_CODE = YES;
				CLANG_WARN__DUPLICATE_METHOD_MATCH = YES;
				COPY_PHASE_STRIP = NO;
				DEBUG_INFORMATION_FORMAT = dwarf;
				ENABLE_STRICT_OBJC_MSGSEND = YES;
				ENABLE_TESTABILITY = YES;
				GCC_C_LANGUAGE_STANDARD = gnu11;
				GCC_DYNAMIC_NO_PIC = NO;
				GCC_NO_COMMON_BLOCKS = YES;
				GCC_OPTIMIZATION_LEVEL = 0;
				GCC_PREPROCESSOR_DEFINITIONS = (
					"DEBUG=1",
					"$(inherited)",
				);
				GCC_WARN_64_TO_32_BIT_CONVERSION = YES;
				GCC_WARN_ABOUT_RETURN_TYPE = YES_ERROR;
				GCC_WARN_UNDECLARED_SELECTOR = YES;
				GCC_WARN_UNINITIALIZED_AUTOS = YES_AGGRESSIVE;
				GCC_WARN_UNUSED_FUNCTION = YES;
				GCC_WARN_UNUSED_VARIABLE = YES;
				MTL_ENABLE_DEBUG_INFO = INCLUDE_SOURCE;
				MTL_FAST_MATH = YES;
				ONLY_ACTIVE_ARCH = YES;
				SWIFT_ACTIVE_COMPILATION_CONDITIONS = DEBUG;
				SWIFT_OPTIMIZATION_LEVEL = "-Onone";
			};
			name = Debug;
		};
		5B9451482A8083F100E30E9E /* Release */ = {
			isa = XCBuildConfiguration;
			buildSettings = {
				ALWAYS_SEARCH_USER_PATHS = NO;
				CLANG_ANALYZER_NONNULL = YES;
				CLANG_ANALYZER_NUMBER_OBJECT_CONVERSION = YES_AGGRESSIVE;
				CLANG_CXX_LANGUAGE_STANDARD = "gnu++20";
				CLANG_ENABLE_MODULES = YES;
				CLANG_ENABLE_OBJC_ARC = YES;
				CLANG_ENABLE_OBJC_WEAK = YES;
				CLANG_WARN_BLOCK_CAPTURE_AUTORELEASING = YES;
				CLANG_WARN_BOOL_CONVERSION = YES;
				CLANG_WARN_COMMA = YES;
				CLANG_WARN_CONSTANT_CONVERSION = YES;
				CLANG_WARN_DEPRECATED_OBJC_IMPLEMENTATIONS = YES;
				CLANG_WARN_DIRECT_OBJC_ISA_USAGE = YES_ERROR;
				CLANG_WARN_DOCUMENTATION_COMMENTS = YES;
				CLANG_WARN_EMPTY_BODY = YES;
				CLANG_WARN_ENUM_CONVERSION = YES;
				CLANG_WARN_INFINITE_RECURSION = YES;
				CLANG_WARN_INT_CONVERSION = YES;
				CLANG_WARN_NON_LITERAL_NULL_CONVERSION = YES;
				CLANG_WARN_OBJC_IMPLICIT_RETAIN_SELF = YES;
				CLANG_WARN_OBJC_LITERAL_CONVERSION = YES;
				CLANG_WARN_OBJC_ROOT_CLASS = YES_ERROR;
				CLANG_WARN_QUOTED_INCLUDE_IN_FRAMEWORK_HEADER = YES;
				CLANG_WARN_RANGE_LOOP_ANALYSIS = YES;
				CLANG_WARN_STRICT_PROTOTYPES = YES;
				CLANG_WARN_SUSPICIOUS_MOVE = YES;
				CLANG_WARN_UNGUARDED_AVAILABILITY = YES_AGGRESSIVE;
				CLANG_WARN_UNREACHABLE_CODE = YES;
				CLANG_WARN__DUPLICATE_METHOD_MATCH = YES;
				COPY_PHASE_STRIP = NO;
				DEBUG_INFORMATION_FORMAT = "dwarf-with-dsym";
				ENABLE_NS_ASSERTIONS = NO;
				ENABLE_STRICT_OBJC_MSGSEND = YES;
				GCC_C_LANGUAGE_STANDARD = gnu11;
				GCC_NO_COMMON_BLOCKS = YES;
				GCC_WARN_64_TO_32_BIT_CONVERSION = YES;
				GCC_WARN_ABOUT_RETURN_TYPE = YES_ERROR;
				GCC_WARN_UNDECLARED_SELECTOR = YES;
				GCC_WARN_UNINITIALIZED_AUTOS = YES_AGGRESSIVE;
				GCC_WARN_UNUSED_FUNCTION = YES;
				GCC_WARN_UNUSED_VARIABLE = YES;
				MTL_ENABLE_DEBUG_INFO = NO;
				MTL_FAST_MATH = YES;
				SWIFT_COMPILATION_MODE = wholemodule;
				SWIFT_OPTIMIZATION_LEVEL = "-O";
			};
			name = Release;
		};
		5B94514A2A8083F100E30E9E /* Debug */ = {
			isa = XCBuildConfiguration;
			buildSettings = {
				ASSETCATALOG_COMPILER_APPICON_NAME = AppIcon;
				ASSETCATALOG_COMPILER_GLOBAL_ACCENT_COLOR_NAME = AccentColor;
				CODE_SIGN_ENTITLEMENTS = CleverGrove/CleverGrove.entitlements;
				CODE_SIGN_STYLE = Automatic;
				CURRENT_PROJECT_VERSION = 1;
				DEVELOPMENT_ASSET_PATHS = "\"CleverGrove/Preview Content\"";
				DEVELOPMENT_TEAM = R78KK4824D;
				ENABLE_HARDENED_RUNTIME = YES;
				ENABLE_PREVIEWS = YES;
				GENERATE_INFOPLIST_FILE = YES;
				"INFOPLIST_KEY_UIApplicationSceneManifest_Generation[sdk=iphoneos*]" = YES;
				"INFOPLIST_KEY_UIApplicationSceneManifest_Generation[sdk=iphonesimulator*]" = YES;
				"INFOPLIST_KEY_UIApplicationSupportsIndirectInputEvents[sdk=iphoneos*]" = YES;
				"INFOPLIST_KEY_UIApplicationSupportsIndirectInputEvents[sdk=iphonesimulator*]" = YES;
				"INFOPLIST_KEY_UILaunchScreen_Generation[sdk=iphoneos*]" = YES;
				"INFOPLIST_KEY_UILaunchScreen_Generation[sdk=iphonesimulator*]" = YES;
				"INFOPLIST_KEY_UIStatusBarStyle[sdk=iphoneos*]" = UIStatusBarStyleDefault;
				"INFOPLIST_KEY_UIStatusBarStyle[sdk=iphonesimulator*]" = UIStatusBarStyleDefault;
				INFOPLIST_KEY_UISupportedInterfaceOrientations_iPad = "UIInterfaceOrientationPortrait UIInterfaceOrientationPortraitUpsideDown UIInterfaceOrientationLandscapeLeft UIInterfaceOrientationLandscapeRight";
				INFOPLIST_KEY_UISupportedInterfaceOrientations_iPhone = "UIInterfaceOrientationPortrait UIInterfaceOrientationLandscapeLeft UIInterfaceOrientationLandscapeRight";
				IPHONEOS_DEPLOYMENT_TARGET = 16.4;
				LD_RUNPATH_SEARCH_PATHS = "@executable_path/Frameworks";
				"LD_RUNPATH_SEARCH_PATHS[sdk=macosx*]" = "@executable_path/../Frameworks";
				MACOSX_DEPLOYMENT_TARGET = 13.2;
				MARKETING_VERSION = 1.0;
				PRODUCT_BUNDLE_IDENTIFIER = GOUR.CleverGrove;
				PRODUCT_NAME = "$(TARGET_NAME)";
				SDKROOT = auto;
				SUPPORTED_PLATFORMS = "iphoneos iphonesimulator macosx";
				SWIFT_EMIT_LOC_STRINGS = YES;
				SWIFT_VERSION = 5.0;
				TARGETED_DEVICE_FAMILY = "1,2";
			};
			name = Debug;
		};
		5B94514B2A8083F100E30E9E /* Release */ = {
			isa = XCBuildConfiguration;
			buildSettings = {
				ASSETCATALOG_COMPILER_APPICON_NAME = AppIcon;
				ASSETCATALOG_COMPILER_GLOBAL_ACCENT_COLOR_NAME = AccentColor;
				CODE_SIGN_ENTITLEMENTS = CleverGrove/CleverGrove.entitlements;
				CODE_SIGN_STYLE = Automatic;
				CURRENT_PROJECT_VERSION = 1;
				DEVELOPMENT_ASSET_PATHS = "\"CleverGrove/Preview Content\"";
				DEVELOPMENT_TEAM = R78KK4824D;
				ENABLE_HARDENED_RUNTIME = YES;
				ENABLE_PREVIEWS = YES;
				GENERATE_INFOPLIST_FILE = YES;
				"INFOPLIST_KEY_UIApplicationSceneManifest_Generation[sdk=iphoneos*]" = YES;
				"INFOPLIST_KEY_UIApplicationSceneManifest_Generation[sdk=iphonesimulator*]" = YES;
				"INFOPLIST_KEY_UIApplicationSupportsIndirectInputEvents[sdk=iphoneos*]" = YES;
				"INFOPLIST_KEY_UIApplicationSupportsIndirectInputEvents[sdk=iphonesimulator*]" = YES;
				"INFOPLIST_KEY_UILaunchScreen_Generation[sdk=iphoneos*]" = YES;
				"INFOPLIST_KEY_UILaunchScreen_Generation[sdk=iphonesimulator*]" = YES;
				"INFOPLIST_KEY_UIStatusBarStyle[sdk=iphoneos*]" = UIStatusBarStyleDefault;
				"INFOPLIST_KEY_UIStatusBarStyle[sdk=iphonesimulator*]" = UIStatusBarStyleDefault;
				INFOPLIST_KEY_UISupportedInterfaceOrientations_iPad = "UIInterfaceOrientationPortrait UIInterfaceOrientationPortraitUpsideDown UIInterfaceOrientationLandscapeLeft UIInterfaceOrientationLandscapeRight";
				INFOPLIST_KEY_UISupportedInterfaceOrientations_iPhone = "UIInterfaceOrientationPortrait UIInterfaceOrientationLandscapeLeft UIInterfaceOrientationLandscapeRight";
				IPHONEOS_DEPLOYMENT_TARGET = 16.4;
				LD_RUNPATH_SEARCH_PATHS = "@executable_path/Frameworks";
				"LD_RUNPATH_SEARCH_PATHS[sdk=macosx*]" = "@executable_path/../Frameworks";
				MACOSX_DEPLOYMENT_TARGET = 13.2;
				MARKETING_VERSION = 1.0;
				PRODUCT_BUNDLE_IDENTIFIER = GOUR.CleverGrove;
				PRODUCT_NAME = "$(TARGET_NAME)";
				SDKROOT = auto;
				SUPPORTED_PLATFORMS = "iphoneos iphonesimulator macosx";
				SWIFT_EMIT_LOC_STRINGS = YES;
				SWIFT_VERSION = 5.0;
				TARGETED_DEVICE_FAMILY = "1,2";
			};
			name = Release;
		};
		5B94514D2A8083F100E30E9E /* Debug */ = {
			isa = XCBuildConfiguration;
			buildSettings = {
				ALWAYS_EMBED_SWIFT_STANDARD_LIBRARIES = YES;
				BUNDLE_LOADER = "$(TEST_HOST)";
				CODE_SIGN_STYLE = Automatic;
				CURRENT_PROJECT_VERSION = 1;
				DEVELOPMENT_TEAM = R78KK4824D;
				GENERATE_INFOPLIST_FILE = YES;
				IPHONEOS_DEPLOYMENT_TARGET = 16.4;
				MACOSX_DEPLOYMENT_TARGET = 13.2;
				MARKETING_VERSION = 1.0;
				PRODUCT_BUNDLE_IDENTIFIER = GOUR.CleverGroveTests;
				PRODUCT_NAME = "$(TARGET_NAME)";
				SDKROOT = auto;
				SUPPORTED_PLATFORMS = "iphoneos iphonesimulator macosx";
				SWIFT_EMIT_LOC_STRINGS = NO;
				SWIFT_VERSION = 5.0;
				TARGETED_DEVICE_FAMILY = "1,2";
				TEST_HOST = "$(BUILT_PRODUCTS_DIR)/CleverGrove.app/$(BUNDLE_EXECUTABLE_FOLDER_PATH)/CleverGrove";
			};
			name = Debug;
		};
		5B94514E2A8083F100E30E9E /* Release */ = {
			isa = XCBuildConfiguration;
			buildSettings = {
				ALWAYS_EMBED_SWIFT_STANDARD_LIBRARIES = YES;
				BUNDLE_LOADER = "$(TEST_HOST)";
				CODE_SIGN_STYLE = Automatic;
				CURRENT_PROJECT_VERSION = 1;
				DEVELOPMENT_TEAM = R78KK4824D;
				GENERATE_INFOPLIST_FILE = YES;
				IPHONEOS_DEPLOYMENT_TARGET = 16.4;
				MACOSX_DEPLOYMENT_TARGET = 13.2;
				MARKETING_VERSION = 1.0;
				PRODUCT_BUNDLE_IDENTIFIER = GOUR.CleverGroveTests;
				PRODUCT_NAME = "$(TARGET_NAME)";
				SDKROOT = auto;
				SUPPORTED_PLATFORMS = "iphoneos iphonesimulator macosx";
				SWIFT_EMIT_LOC_STRINGS = NO;
				SWIFT_VERSION = 5.0;
				TARGETED_DEVICE_FAMILY = "1,2";
				TEST_HOST = "$(BUILT_PRODUCTS_DIR)/CleverGrove.app/$(BUNDLE_EXECUTABLE_FOLDER_PATH)/CleverGrove";
			};
			name = Release;
		};
		5B9451502A8083F100E30E9E /* Debug */ = {
			isa = XCBuildConfiguration;
			buildSettings = {
				ALWAYS_EMBED_SWIFT_STANDARD_LIBRARIES = YES;
				CODE_SIGN_STYLE = Automatic;
				CURRENT_PROJECT_VERSION = 1;
				DEVELOPMENT_TEAM = R78KK4824D;
				GENERATE_INFOPLIST_FILE = YES;
				IPHONEOS_DEPLOYMENT_TARGET = 16.4;
				MACOSX_DEPLOYMENT_TARGET = 13.2;
				MARKETING_VERSION = 1.0;
				PRODUCT_BUNDLE_IDENTIFIER = GOUR.CleverGroveUITests;
				PRODUCT_NAME = "$(TARGET_NAME)";
				SDKROOT = auto;
				SUPPORTED_PLATFORMS = "iphoneos iphonesimulator macosx";
				SWIFT_EMIT_LOC_STRINGS = NO;
				SWIFT_VERSION = 5.0;
				TARGETED_DEVICE_FAMILY = "1,2";
				TEST_TARGET_NAME = CleverGrove;
			};
			name = Debug;
		};
		5B9451512A8083F100E30E9E /* Release */ = {
			isa = XCBuildConfiguration;
			buildSettings = {
				ALWAYS_EMBED_SWIFT_STANDARD_LIBRARIES = YES;
				CODE_SIGN_STYLE = Automatic;
				CURRENT_PROJECT_VERSION = 1;
				DEVELOPMENT_TEAM = R78KK4824D;
				GENERATE_INFOPLIST_FILE = YES;
				IPHONEOS_DEPLOYMENT_TARGET = 16.4;
				MACOSX_DEPLOYMENT_TARGET = 13.2;
				MARKETING_VERSION = 1.0;
				PRODUCT_BUNDLE_IDENTIFIER = GOUR.CleverGroveUITests;
				PRODUCT_NAME = "$(TARGET_NAME)";
				SDKROOT = auto;
				SUPPORTED_PLATFORMS = "iphoneos iphonesimulator macosx";
				SWIFT_EMIT_LOC_STRINGS = NO;
				SWIFT_VERSION = 5.0;
				TARGETED_DEVICE_FAMILY = "1,2";
				TEST_TARGET_NAME = CleverGrove;
			};
			name = Release;
		};
/* End XCBuildConfiguration section */

/* Begin XCConfigurationList section */
		5B94511F2A8083F000E30E9E /* Build configuration list for PBXProject "CleverGrove" */ = {
			isa = XCConfigurationList;
			buildConfigurations = (
				5B9451472A8083F100E30E9E /* Debug */,
				5B9451482A8083F100E30E9E /* Release */,
			);
			defaultConfigurationIsVisible = 0;
			defaultConfigurationName = Release;
		};
		5B9451492A8083F100E30E9E /* Build configuration list for PBXNativeTarget "CleverGrove" */ = {
			isa = XCConfigurationList;
			buildConfigurations = (
				5B94514A2A8083F100E30E9E /* Debug */,
				5B94514B2A8083F100E30E9E /* Release */,
			);
			defaultConfigurationIsVisible = 0;
			defaultConfigurationName = Release;
		};
		5B94514C2A8083F100E30E9E /* Build configuration list for PBXNativeTarget "CleverGroveTests" */ = {
			isa = XCConfigurationList;
			buildConfigurations = (
				5B94514D2A8083F100E30E9E /* Debug */,
				5B94514E2A8083F100E30E9E /* Release */,
			);
			defaultConfigurationIsVisible = 0;
			defaultConfigurationName = Release;
		};
		5B94514F2A8083F100E30E9E /* Build configuration list for PBXNativeTarget "CleverGroveUITests" */ = {
			isa = XCConfigurationList;
			buildConfigurations = (
				5B9451502A8083F100E30E9E /* Debug */,
				5B9451512A8083F100E30E9E /* Release */,
			);
			defaultConfigurationIsVisible = 0;
			defaultConfigurationName = Release;
		};
/* End XCConfigurationList section */

/* Begin XCRemoteSwiftPackageReference section */
		5B94515C2A80852800E30E9E /* XCRemoteSwiftPackageReference "OpenAI" */ = {
			isa = XCRemoteSwiftPackageReference;
			repositoryURL = "https://github.com/FuturraGroup/OpenAI";
			requirement = {
				kind = upToNextMajorVersion;
				minimumVersion = 1.0.0;
			};
		};
/* End XCRemoteSwiftPackageReference section */

/* Begin XCSwiftPackageProductDependency section */
		5B94515D2A80852800E30E9E /* OpenAIKit */ = {
			isa = XCSwiftPackageProductDependency;
			package = 5B94515C2A80852800E30E9E /* XCRemoteSwiftPackageReference "OpenAI" */;
			productName = OpenAIKit;
		};
/* End XCSwiftPackageProductDependency section */
	};
	rootObject = 5B94511C2A8083F000E30E9E /* Project object */;
}
