// !$*UTF8*$!
{
	archiveVersion = 1;
	classes = {
	};
	objectVersion = 56;
	objects = {

/* Begin PBXBuildFile section */
		5B04F0022A9FF2EA00A469D8 /* ExpertImporter.swift in Sources */ = {isa = PBXBuildFile; fileRef = 5B04F0012A9FF2EA00A469D8 /* ExpertImporter.swift */; };
		5B3C07F82A954472009DEA7F /* DocumentCoordinator.swift in Sources */ = {isa = PBXBuildFile; fileRef = 5B3C07F72A954472009DEA7F /* DocumentCoordinator.swift */; };
		5B3C07FA2A958D57009DEA7F /* FileImportView.swift in Sources */ = {isa = PBXBuildFile; fileRef = 5B3C07F92A958D57009DEA7F /* FileImportView.swift */; };
		5B3C07FD2A96671E009DEA7F /* FileReader.swift in Sources */ = {isa = PBXBuildFile; fileRef = 5B3C07FC2A96671E009DEA7F /* FileReader.swift */; };
		5B3C07FF2A97CAC0009DEA7F /* CommunicationStyle.swift in Sources */ = {isa = PBXBuildFile; fileRef = 5B3C07FE2A97CAC0009DEA7F /* CommunicationStyle.swift */; };
		5B49973A2A9FAD8E00BD30A2 /* UTType-Extensions.swift in Sources */ = {isa = PBXBuildFile; fileRef = 5B4997392A9FAD8E00BD30A2 /* UTType-Extensions.swift */; };
		5B58510B2A8C08ED00A01AAA /* TypingIndicator.swift in Sources */ = {isa = PBXBuildFile; fileRef = 5B58510A2A8C08ED00A01AAA /* TypingIndicator.swift */; };
		5B58510D2A8C1B7200A01AAA /* View-Extensions.swift in Sources */ = {isa = PBXBuildFile; fileRef = 5B58510C2A8C1B7200A01AAA /* View-Extensions.swift */; };
		5B58510F2A8C47F200A01AAA /* CharacterPicker.swift in Sources */ = {isa = PBXBuildFile; fileRef = 5B58510E2A8C47F200A01AAA /* CharacterPicker.swift */; };
		5B5851122A8D1BDB00A01AAA /* CDChatExchange+CoreDataClass.swift in Sources */ = {isa = PBXBuildFile; fileRef = 5B5851102A8D1BDB00A01AAA /* CDChatExchange+CoreDataClass.swift */; };
		5B5851132A8D1BDB00A01AAA /* CDChatExchange+CoreDataProperties.swift in Sources */ = {isa = PBXBuildFile; fileRef = 5B5851112A8D1BDB00A01AAA /* CDChatExchange+CoreDataProperties.swift */; };
		5B58A1402A8402940008C270 /* DocumentCapsule.swift in Sources */ = {isa = PBXBuildFile; fileRef = 5B58A13F2A8402940008C270 /* DocumentCapsule.swift */; };
		5B58A1462A8424150008C270 /* PreviewSamples.swift in Sources */ = {isa = PBXBuildFile; fileRef = 5B58A1452A8424150008C270 /* PreviewSamples.swift */; };
		5B58A1492A8437520008C270 /* DataController.swift in Sources */ = {isa = PBXBuildFile; fileRef = 5B58A1482A8437520008C270 /* DataController.swift */; };
		5B58A14C2A84379E0008C270 /* CleverGrove.xcdatamodeld in Sources */ = {isa = PBXBuildFile; fileRef = 5B58A14A2A84379E0008C270 /* CleverGrove.xcdatamodeld */; };
		5B58A14E2A84386A0008C270 /* FileType.swift in Sources */ = {isa = PBXBuildFile; fileRef = 5B58A14D2A84386A0008C270 /* FileType.swift */; };
		5B58A16C2A8533D30008C270 /* FilePicker.swift in Sources */ = {isa = PBXBuildFile; fileRef = 5B58A16B2A8533D30008C270 /* FilePicker.swift */; };
		5B58A1AD2A85E6FD0008C270 /* CDDocument+CoreDataClass.swift in Sources */ = {isa = PBXBuildFile; fileRef = 5B58A1A92A85E6FD0008C270 /* CDDocument+CoreDataClass.swift */; };
		5B58A1AE2A85E6FD0008C270 /* CDDocument+CoreDataProperties.swift in Sources */ = {isa = PBXBuildFile; fileRef = 5B58A1AA2A85E6FD0008C270 /* CDDocument+CoreDataProperties.swift */; };
		5B58A1AF2A85E6FD0008C270 /* CDExpert+CoreDataClass.swift in Sources */ = {isa = PBXBuildFile; fileRef = 5B58A1AB2A85E6FD0008C270 /* CDExpert+CoreDataClass.swift */; };
		5B58A1B02A85E6FD0008C270 /* CDExpert+CoreDataProperties.swift in Sources */ = {isa = PBXBuildFile; fileRef = 5B58A1AC2A85E6FD0008C270 /* CDExpert+CoreDataProperties.swift */; };
		5B58A1BE2A867BEC0008C270 /* CDTextChunk+CoreDataClass.swift in Sources */ = {isa = PBXBuildFile; fileRef = 5B58A1BC2A867BEC0008C270 /* CDTextChunk+CoreDataClass.swift */; };
		5B58A1BF2A867BEC0008C270 /* CDTextChunk+CoreDataProperties.swift in Sources */ = {isa = PBXBuildFile; fileRef = 5B58A1BD2A867BEC0008C270 /* CDTextChunk+CoreDataProperties.swift */; };
		5B5993112A8680A5009FC4CB /* TextChunkTests.swift in Sources */ = {isa = PBXBuildFile; fileRef = 5B5993102A8680A5009FC4CB /* TextChunkTests.swift */; };
		5B5993132A86D34D009FC4CB /* DocumentParser.swift in Sources */ = {isa = PBXBuildFile; fileRef = 5B5993122A86D34D009FC4CB /* DocumentParser.swift */; };
		5B5993152A86F7D9009FC4CB /* DocumentList.swift in Sources */ = {isa = PBXBuildFile; fileRef = 5B5993142A86F7D9009FC4CB /* DocumentList.swift */; };
		5B5993172A89B158009FC4CB /* DocumentDecoder.swift in Sources */ = {isa = PBXBuildFile; fileRef = 5B5993162A89B158009FC4CB /* DocumentDecoder.swift */; };
		5B5993192A8A7AD6009FC4CB /* ChatViewHeader.swift in Sources */ = {isa = PBXBuildFile; fileRef = 5B5993182A8A7AD6009FC4CB /* ChatViewHeader.swift */; };
		5B6DBFD92AAA1CA5001451EB /* AILogger.swift in Sources */ = {isa = PBXBuildFile; fileRef = 5B6DBFD82AAA1CA5001451EB /* AILogger.swift */; };
		5B837FD22A9BE1FC00780AE5 /* NameList.swift in Sources */ = {isa = PBXBuildFile; fileRef = 5B837FD12A9BE1FC00780AE5 /* NameList.swift */; };
		5B837FD42A9E69D900780AE5 /* ExpertExporter.swift in Sources */ = {isa = PBXBuildFile; fileRef = 5B837FD32A9E69D900780AE5 /* ExpertExporter.swift */; };
		5B837FD62A9EB4BA00780AE5 /* ShareSheet.swift in Sources */ = {isa = PBXBuildFile; fileRef = 5B837FD52A9EB4BA00780AE5 /* ShareSheet.swift */; };
		5B837FD82A9EC49700780AE5 /* URL-Extensions.swift in Sources */ = {isa = PBXBuildFile; fileRef = 5B837FD72A9EC49700780AE5 /* URL-Extensions.swift */; };
		5B84DBC72A8E7C23004464EE /* ChatTextField.swift in Sources */ = {isa = PBXBuildFile; fileRef = 5B84DBC62A8E7C23004464EE /* ChatTextField.swift */; };
		5B9451282A8083F000E30E9E /* CleverGroveApp.swift in Sources */ = {isa = PBXBuildFile; fileRef = 5B9451272A8083F000E30E9E /* CleverGroveApp.swift */; };
		5B94512C2A8083F100E30E9E /* Assets.xcassets in Resources */ = {isa = PBXBuildFile; fileRef = 5B94512B2A8083F100E30E9E /* Assets.xcassets */; };
		5B9451302A8083F100E30E9E /* Preview Assets.xcassets in Resources */ = {isa = PBXBuildFile; fileRef = 5B94512F2A8083F100E30E9E /* Preview Assets.xcassets */; };
		5B94513A2A8083F100E30E9E /* EmbeddingTests.swift in Sources */ = {isa = PBXBuildFile; fileRef = 5B9451392A8083F100E30E9E /* EmbeddingTests.swift */; };
		5B9451442A8083F100E30E9E /* CleverGroveUITests.swift in Sources */ = {isa = PBXBuildFile; fileRef = 5B9451432A8083F100E30E9E /* CleverGroveUITests.swift */; };
		5B9451462A8083F100E30E9E /* CleverGroveUITestsLaunchTests.swift in Sources */ = {isa = PBXBuildFile; fileRef = 5B9451452A8083F100E30E9E /* CleverGroveUITestsLaunchTests.swift */; };
		5B9451592A80848D00E30E9E /* OpenAICoordinator.swift in Sources */ = {isa = PBXBuildFile; fileRef = 5B9451552A80848D00E30E9E /* OpenAICoordinator.swift */; };
		5B94515E2A80852800E30E9E /* OpenAIKit in Frameworks */ = {isa = PBXBuildFile; productRef = 5B94515D2A80852800E30E9E /* OpenAIKit */; };
		5B9BD54C2A8EC4DE0098C1B2 /* PromptBuilder.swift in Sources */ = {isa = PBXBuildFile; fileRef = 5B9BD54B2A8EC4DE0098C1B2 /* PromptBuilder.swift */; };
		5B9BD54F2A93A0B70098C1B2 /* Zip in Frameworks */ = {isa = PBXBuildFile; productRef = 5B9BD54E2A93A0B70098C1B2 /* Zip */; };
		5B9BD5512A93B5260098C1B2 /* DocxDecoder.swift in Sources */ = {isa = PBXBuildFile; fileRef = 5B9BD5502A93B5260098C1B2 /* DocxDecoder.swift */; };
		5B9BD5542A93B5720098C1B2 /* XMLCoder in Frameworks */ = {isa = PBXBuildFile; productRef = 5B9BD5532A93B5720098C1B2 /* XMLCoder */; };
		5BA8F1182A81714500C093C8 /* OpenAI-Info.plist in Resources */ = {isa = PBXBuildFile; fileRef = 5BA8F1172A81714500C093C8 /* OpenAI-Info.plist */; };
		5BA8F11A2A81744A00C093C8 /* KeyStore.swift in Sources */ = {isa = PBXBuildFile; fileRef = 5BA8F1192A81744A00C093C8 /* KeyStore.swift */; };
		5BA8F11F2A817FAB00C093C8 /* ExpertSummary.swift in Sources */ = {isa = PBXBuildFile; fileRef = 5BA8F11E2A817FAB00C093C8 /* ExpertSummary.swift */; };
		5BA8F1212A81841500C093C8 /* ExpertListView.swift in Sources */ = {isa = PBXBuildFile; fileRef = 5BA8F1202A81841500C093C8 /* ExpertListView.swift */; };
		5BA8F1252A8190F800C093C8 /* ChatBubble.swift in Sources */ = {isa = PBXBuildFile; fileRef = 5BA8F1242A8190F800C093C8 /* ChatBubble.swift */; };
		5BA8F12B2A81939200C093C8 /* ChatView.swift in Sources */ = {isa = PBXBuildFile; fileRef = 5BA8F12A2A81939200C093C8 /* ChatView.swift */; };
		5BA8F1312A82D40D00C093C8 /* OpenAIEmbeddings.swift in Sources */ = {isa = PBXBuildFile; fileRef = 5BA8F1302A82D40D00C093C8 /* OpenAIEmbeddings.swift */; };
		5BA8F1332A82DE6200C093C8 /* AI-Extensions.swift in Sources */ = {isa = PBXBuildFile; fileRef = 5BA8F1322A82DE6200C093C8 /* AI-Extensions.swift */; };
		5BA8F1372A83095700C093C8 /* EmbeddingResponse.json in Resources */ = {isa = PBXBuildFile; fileRef = 5BA8F1362A83095700C093C8 /* EmbeddingResponse.json */; };
		5BA8F1392A831F2F00C093C8 /* OpenAINetwork.swift in Sources */ = {isa = PBXBuildFile; fileRef = 5BA8F1382A831F2F00C093C8 /* OpenAINetwork.swift */; };
		5BA8F13C2A83FEBD00C093C8 /* EditExpertView.swift in Sources */ = {isa = PBXBuildFile; fileRef = 5BA8F13B2A83FEBD00C093C8 /* EditExpertView.swift */; };
		5BB651C52AA13B1500CD8957 /* Clever Cat.expert in Resources */ = {isa = PBXBuildFile; fileRef = 5BB651C42AA13B1500CD8957 /* Clever Cat.expert */; };
/* End PBXBuildFile section */

/* Begin PBXContainerItemProxy section */
		5B9451362A8083F100E30E9E /* PBXContainerItemProxy */ = {
			isa = PBXContainerItemProxy;
			containerPortal = 5B94511C2A8083F000E30E9E /* Project object */;
			proxyType = 1;
			remoteGlobalIDString = 5B9451232A8083F000E30E9E;
			remoteInfo = CleverGrove;
		};
		5B9451402A8083F100E30E9E /* PBXContainerItemProxy */ = {
			isa = PBXContainerItemProxy;
			containerPortal = 5B94511C2A8083F000E30E9E /* Project object */;
			proxyType = 1;
			remoteGlobalIDString = 5B9451232A8083F000E30E9E;
			remoteInfo = CleverGrove;
		};
/* End PBXContainerItemProxy section */

/* Begin PBXFileReference section */
		5B04F0012A9FF2EA00A469D8 /* ExpertImporter.swift */ = {isa = PBXFileReference; lastKnownFileType = sourcecode.swift; path = ExpertImporter.swift; sourceTree = "<group>"; };
		5B3C07F72A954472009DEA7F /* DocumentCoordinator.swift */ = {isa = PBXFileReference; lastKnownFileType = sourcecode.swift; path = DocumentCoordinator.swift; sourceTree = "<group>"; };
		5B3C07F92A958D57009DEA7F /* FileImportView.swift */ = {isa = PBXFileReference; lastKnownFileType = sourcecode.swift; path = FileImportView.swift; sourceTree = "<group>"; };
		5B3C07FC2A96671E009DEA7F /* FileReader.swift */ = {isa = PBXFileReference; lastKnownFileType = sourcecode.swift; path = FileReader.swift; sourceTree = "<group>"; };
		5B3C07FE2A97CAC0009DEA7F /* CommunicationStyle.swift */ = {isa = PBXFileReference; lastKnownFileType = sourcecode.swift; path = CommunicationStyle.swift; sourceTree = "<group>"; };
		5B4997392A9FAD8E00BD30A2 /* UTType-Extensions.swift */ = {isa = PBXFileReference; lastKnownFileType = sourcecode.swift; path = "UTType-Extensions.swift"; sourceTree = "<group>"; };
		5B58510A2A8C08ED00A01AAA /* TypingIndicator.swift */ = {isa = PBXFileReference; lastKnownFileType = sourcecode.swift; path = TypingIndicator.swift; sourceTree = "<group>"; };
		5B58510C2A8C1B7200A01AAA /* View-Extensions.swift */ = {isa = PBXFileReference; lastKnownFileType = sourcecode.swift; path = "View-Extensions.swift"; sourceTree = "<group>"; };
		5B58510E2A8C47F200A01AAA /* CharacterPicker.swift */ = {isa = PBXFileReference; lastKnownFileType = sourcecode.swift; path = CharacterPicker.swift; sourceTree = "<group>"; };
		5B5851102A8D1BDB00A01AAA /* CDChatExchange+CoreDataClass.swift */ = {isa = PBXFileReference; lastKnownFileType = sourcecode.swift; path = "CDChatExchange+CoreDataClass.swift"; sourceTree = "<group>"; };
		5B5851112A8D1BDB00A01AAA /* CDChatExchange+CoreDataProperties.swift */ = {isa = PBXFileReference; lastKnownFileType = sourcecode.swift; path = "CDChatExchange+CoreDataProperties.swift"; sourceTree = "<group>"; };
		5B58A13F2A8402940008C270 /* DocumentCapsule.swift */ = {isa = PBXFileReference; lastKnownFileType = sourcecode.swift; path = DocumentCapsule.swift; sourceTree = "<group>"; };
		5B58A1452A8424150008C270 /* PreviewSamples.swift */ = {isa = PBXFileReference; lastKnownFileType = sourcecode.swift; path = PreviewSamples.swift; sourceTree = "<group>"; };
		5B58A1482A8437520008C270 /* DataController.swift */ = {isa = PBXFileReference; lastKnownFileType = sourcecode.swift; path = DataController.swift; sourceTree = "<group>"; };
		5B58A14B2A84379E0008C270 /* CleverGrove.xcdatamodel */ = {isa = PBXFileReference; lastKnownFileType = wrapper.xcdatamodel; path = CleverGrove.xcdatamodel; sourceTree = "<group>"; };
		5B58A14D2A84386A0008C270 /* FileType.swift */ = {isa = PBXFileReference; lastKnownFileType = sourcecode.swift; path = FileType.swift; sourceTree = "<group>"; };
		5B58A16B2A8533D30008C270 /* FilePicker.swift */ = {isa = PBXFileReference; lastKnownFileType = sourcecode.swift; path = FilePicker.swift; sourceTree = "<group>"; };
		5B58A16D2A853B240008C270 /* Info.plist */ = {isa = PBXFileReference; lastKnownFileType = text.plist; path = Info.plist; sourceTree = "<group>"; };
		5B58A1A92A85E6FD0008C270 /* CDDocument+CoreDataClass.swift */ = {isa = PBXFileReference; lastKnownFileType = sourcecode.swift; path = "CDDocument+CoreDataClass.swift"; sourceTree = "<group>"; };
		5B58A1AA2A85E6FD0008C270 /* CDDocument+CoreDataProperties.swift */ = {isa = PBXFileReference; lastKnownFileType = sourcecode.swift; path = "CDDocument+CoreDataProperties.swift"; sourceTree = "<group>"; };
		5B58A1AB2A85E6FD0008C270 /* CDExpert+CoreDataClass.swift */ = {isa = PBXFileReference; lastKnownFileType = sourcecode.swift; path = "CDExpert+CoreDataClass.swift"; sourceTree = "<group>"; };
		5B58A1AC2A85E6FD0008C270 /* CDExpert+CoreDataProperties.swift */ = {isa = PBXFileReference; lastKnownFileType = sourcecode.swift; path = "CDExpert+CoreDataProperties.swift"; sourceTree = "<group>"; };
		5B58A1BC2A867BEC0008C270 /* CDTextChunk+CoreDataClass.swift */ = {isa = PBXFileReference; lastKnownFileType = sourcecode.swift; path = "CDTextChunk+CoreDataClass.swift"; sourceTree = "<group>"; };
		5B58A1BD2A867BEC0008C270 /* CDTextChunk+CoreDataProperties.swift */ = {isa = PBXFileReference; lastKnownFileType = sourcecode.swift; path = "CDTextChunk+CoreDataProperties.swift"; sourceTree = "<group>"; };
		5B5993102A8680A5009FC4CB /* TextChunkTests.swift */ = {isa = PBXFileReference; lastKnownFileType = sourcecode.swift; path = TextChunkTests.swift; sourceTree = "<group>"; };
		5B5993122A86D34D009FC4CB /* DocumentParser.swift */ = {isa = PBXFileReference; lastKnownFileType = sourcecode.swift; path = DocumentParser.swift; sourceTree = "<group>"; };
		5B5993142A86F7D9009FC4CB /* DocumentList.swift */ = {isa = PBXFileReference; lastKnownFileType = sourcecode.swift; path = DocumentList.swift; sourceTree = "<group>"; };
		5B5993162A89B158009FC4CB /* DocumentDecoder.swift */ = {isa = PBXFileReference; lastKnownFileType = sourcecode.swift; path = DocumentDecoder.swift; sourceTree = "<group>"; };
		5B5993182A8A7AD6009FC4CB /* ChatViewHeader.swift */ = {isa = PBXFileReference; lastKnownFileType = sourcecode.swift; path = ChatViewHeader.swift; sourceTree = "<group>"; };
		5B6DBFD82AAA1CA5001451EB /* AILogger.swift */ = {isa = PBXFileReference; lastKnownFileType = sourcecode.swift; path = AILogger.swift; sourceTree = "<group>"; };
		5B837FD12A9BE1FC00780AE5 /* NameList.swift */ = {isa = PBXFileReference; lastKnownFileType = sourcecode.swift; path = NameList.swift; sourceTree = "<group>"; };
		5B837FD32A9E69D900780AE5 /* ExpertExporter.swift */ = {isa = PBXFileReference; lastKnownFileType = sourcecode.swift; path = ExpertExporter.swift; sourceTree = "<group>"; };
		5B837FD52A9EB4BA00780AE5 /* ShareSheet.swift */ = {isa = PBXFileReference; lastKnownFileType = sourcecode.swift; path = ShareSheet.swift; sourceTree = "<group>"; };
		5B837FD72A9EC49700780AE5 /* URL-Extensions.swift */ = {isa = PBXFileReference; lastKnownFileType = sourcecode.swift; path = "URL-Extensions.swift"; sourceTree = "<group>"; };
		5B84DBC62A8E7C23004464EE /* ChatTextField.swift */ = {isa = PBXFileReference; lastKnownFileType = sourcecode.swift; path = ChatTextField.swift; sourceTree = "<group>"; };
		5B9451242A8083F000E30E9E /* CleverGrove.app */ = {isa = PBXFileReference; explicitFileType = wrapper.application; includeInIndex = 0; path = CleverGrove.app; sourceTree = BUILT_PRODUCTS_DIR; };
		5B9451272A8083F000E30E9E /* CleverGroveApp.swift */ = {isa = PBXFileReference; lastKnownFileType = sourcecode.swift; path = CleverGroveApp.swift; sourceTree = "<group>"; };
		5B94512B2A8083F100E30E9E /* Assets.xcassets */ = {isa = PBXFileReference; lastKnownFileType = folder.assetcatalog; path = Assets.xcassets; sourceTree = "<group>"; };
		5B94512D2A8083F100E30E9E /* CleverGrove.entitlements */ = {isa = PBXFileReference; lastKnownFileType = text.plist.entitlements; path = CleverGrove.entitlements; sourceTree = "<group>"; };
		5B94512F2A8083F100E30E9E /* Preview Assets.xcassets */ = {isa = PBXFileReference; lastKnownFileType = folder.assetcatalog; path = "Preview Assets.xcassets"; sourceTree = "<group>"; };
		5B9451352A8083F100E30E9E /* CleverGroveTests.xctest */ = {isa = PBXFileReference; explicitFileType = wrapper.cfbundle; includeInIndex = 0; path = CleverGroveTests.xctest; sourceTree = BUILT_PRODUCTS_DIR; };
		5B9451392A8083F100E30E9E /* EmbeddingTests.swift */ = {isa = PBXFileReference; lastKnownFileType = sourcecode.swift; path = EmbeddingTests.swift; sourceTree = "<group>"; };
		5B94513F2A8083F100E30E9E /* CleverGroveUITests.xctest */ = {isa = PBXFileReference; explicitFileType = wrapper.cfbundle; includeInIndex = 0; path = CleverGroveUITests.xctest; sourceTree = BUILT_PRODUCTS_DIR; };
		5B9451432A8083F100E30E9E /* CleverGroveUITests.swift */ = {isa = PBXFileReference; lastKnownFileType = sourcecode.swift; path = CleverGroveUITests.swift; sourceTree = "<group>"; };
		5B9451452A8083F100E30E9E /* CleverGroveUITestsLaunchTests.swift */ = {isa = PBXFileReference; lastKnownFileType = sourcecode.swift; path = CleverGroveUITestsLaunchTests.swift; sourceTree = "<group>"; };
		5B9451552A80848D00E30E9E /* OpenAICoordinator.swift */ = {isa = PBXFileReference; fileEncoding = 4; lastKnownFileType = sourcecode.swift; path = OpenAICoordinator.swift; sourceTree = "<group>"; };
		5B9BD54B2A8EC4DE0098C1B2 /* PromptBuilder.swift */ = {isa = PBXFileReference; lastKnownFileType = sourcecode.swift; path = PromptBuilder.swift; sourceTree = "<group>"; };
		5B9BD5502A93B5260098C1B2 /* DocxDecoder.swift */ = {isa = PBXFileReference; lastKnownFileType = sourcecode.swift; path = DocxDecoder.swift; sourceTree = "<group>"; };
		5BA8F1172A81714500C093C8 /* OpenAI-Info.plist */ = {isa = PBXFileReference; lastKnownFileType = text.plist.xml; path = "OpenAI-Info.plist"; sourceTree = "<group>"; };
		5BA8F1192A81744A00C093C8 /* KeyStore.swift */ = {isa = PBXFileReference; lastKnownFileType = sourcecode.swift; path = KeyStore.swift; sourceTree = "<group>"; };
		5BA8F11E2A817FAB00C093C8 /* ExpertSummary.swift */ = {isa = PBXFileReference; lastKnownFileType = sourcecode.swift; path = ExpertSummary.swift; sourceTree = "<group>"; };
		5BA8F1202A81841500C093C8 /* ExpertListView.swift */ = {isa = PBXFileReference; lastKnownFileType = sourcecode.swift; path = ExpertListView.swift; sourceTree = "<group>"; };
		5BA8F1242A8190F800C093C8 /* ChatBubble.swift */ = {isa = PBXFileReference; lastKnownFileType = sourcecode.swift; path = ChatBubble.swift; sourceTree = "<group>"; };
		5BA8F12A2A81939200C093C8 /* ChatView.swift */ = {isa = PBXFileReference; lastKnownFileType = sourcecode.swift; path = ChatView.swift; sourceTree = "<group>"; };
		5BA8F1302A82D40D00C093C8 /* OpenAIEmbeddings.swift */ = {isa = PBXFileReference; lastKnownFileType = sourcecode.swift; path = OpenAIEmbeddings.swift; sourceTree = "<group>"; };
		5BA8F1322A82DE6200C093C8 /* AI-Extensions.swift */ = {isa = PBXFileReference; lastKnownFileType = sourcecode.swift; path = "AI-Extensions.swift"; sourceTree = "<group>"; };
		5BA8F1362A83095700C093C8 /* EmbeddingResponse.json */ = {isa = PBXFileReference; lastKnownFileType = text.json; path = EmbeddingResponse.json; sourceTree = "<group>"; };
		5BA8F1382A831F2F00C093C8 /* OpenAINetwork.swift */ = {isa = PBXFileReference; lastKnownFileType = sourcecode.swift; path = OpenAINetwork.swift; sourceTree = "<group>"; };
		5BA8F13B2A83FEBD00C093C8 /* EditExpertView.swift */ = {isa = PBXFileReference; lastKnownFileType = sourcecode.swift; path = EditExpertView.swift; sourceTree = "<group>"; };
		5BB651C42AA13B1500CD8957 /* Clever Cat.expert */ = {isa = PBXFileReference; lastKnownFileType = file; path = "Clever Cat.expert"; sourceTree = "<group>"; };
/* End PBXFileReference section */

/* Begin PBXFrameworksBuildPhase section */
		5B9451212A8083F000E30E9E /* Frameworks */ = {
			isa = PBXFrameworksBuildPhase;
			buildActionMask = 2147483647;
			files = (
				5B9BD5542A93B5720098C1B2 /* XMLCoder in Frameworks */,
				5B9BD54F2A93A0B70098C1B2 /* Zip in Frameworks */,
				5B94515E2A80852800E30E9E /* OpenAIKit in Frameworks */,
			);
			runOnlyForDeploymentPostprocessing = 0;
		};
		5B9451322A8083F100E30E9E /* Frameworks */ = {
			isa = PBXFrameworksBuildPhase;
			buildActionMask = 2147483647;
			files = (
			);
			runOnlyForDeploymentPostprocessing = 0;
		};
		5B94513C2A8083F100E30E9E /* Frameworks */ = {
			isa = PBXFrameworksBuildPhase;
			buildActionMask = 2147483647;
			files = (
			);
			runOnlyForDeploymentPostprocessing = 0;
		};
/* End PBXFrameworksBuildPhase section */

/* Begin PBXGroup section */
		5B3C07FB2A966702009DEA7F /* Files */ = {
			isa = PBXGroup;
			children = (
				5B58A16B2A8533D30008C270 /* FilePicker.swift */,
				5B3C07FC2A96671E009DEA7F /* FileReader.swift */,
				5B837FD32A9E69D900780AE5 /* ExpertExporter.swift */,
				5B04F0012A9FF2EA00A469D8 /* ExpertImporter.swift */,
				5B837FD52A9EB4BA00780AE5 /* ShareSheet.swift */,
				5B837FD72A9EC49700780AE5 /* URL-Extensions.swift */,
				5B4997392A9FAD8E00BD30A2 /* UTType-Extensions.swift */,
			);
			path = Files;
			sourceTree = "<group>";
		};
		5B58A1472A8437380008C270 /* Core Data */ = {
			isa = PBXGroup;
			children = (
				5B58A1482A8437520008C270 /* DataController.swift */,
				5B58A14A2A84379E0008C270 /* CleverGrove.xcdatamodeld */,
				5B5851102A8D1BDB00A01AAA /* CDChatExchange+CoreDataClass.swift */,
				5B5851112A8D1BDB00A01AAA /* CDChatExchange+CoreDataProperties.swift */,
				5B58A1A92A85E6FD0008C270 /* CDDocument+CoreDataClass.swift */,
				5B58A1AA2A85E6FD0008C270 /* CDDocument+CoreDataProperties.swift */,
				5B58A1AB2A85E6FD0008C270 /* CDExpert+CoreDataClass.swift */,
				5B58A1AC2A85E6FD0008C270 /* CDExpert+CoreDataProperties.swift */,
				5B58A1BC2A867BEC0008C270 /* CDTextChunk+CoreDataClass.swift */,
				5B58A1BD2A867BEC0008C270 /* CDTextChunk+CoreDataProperties.swift */,
			);
			path = "Core Data";
			sourceTree = "<group>";
		};
		5B58A1B12A86791E0008C270 /* Document */ = {
			isa = PBXGroup;
			children = (
				5B3C07F72A954472009DEA7F /* DocumentCoordinator.swift */,
				5B5993122A86D34D009FC4CB /* DocumentParser.swift */,
				5B5993162A89B158009FC4CB /* DocumentDecoder.swift */,
				5B58A14D2A84386A0008C270 /* FileType.swift */,
				5B5993142A86F7D9009FC4CB /* DocumentList.swift */,
				5B58A13F2A8402940008C270 /* DocumentCapsule.swift */,
				5B9BD5502A93B5260098C1B2 /* DocxDecoder.swift */,
			);
			path = Document;
			sourceTree = "<group>";
		};
		5B94511B2A8083F000E30E9E = {
			isa = PBXGroup;
			children = (
				5B9451262A8083F000E30E9E /* CleverGrove */,
				5B9451382A8083F100E30E9E /* CleverGroveTests */,
				5B9451422A8083F100E30E9E /* CleverGroveUITests */,
				5B9451252A8083F000E30E9E /* Products */,
			);
			sourceTree = "<group>";
		};
		5B9451252A8083F000E30E9E /* Products */ = {
			isa = PBXGroup;
			children = (
				5B9451242A8083F000E30E9E /* CleverGrove.app */,
				5B9451352A8083F100E30E9E /* CleverGroveTests.xctest */,
				5B94513F2A8083F100E30E9E /* CleverGroveUITests.xctest */,
			);
			name = Products;
			sourceTree = "<group>";
		};
		5B9451262A8083F000E30E9E /* CleverGrove */ = {
			isa = PBXGroup;
			children = (
				5B58A16D2A853B240008C270 /* Info.plist */,
				5B9451272A8083F000E30E9E /* CleverGroveApp.swift */,
				5B3C07FB2A966702009DEA7F /* Files */,
				5BA8F13A2A83FE9800C093C8 /* Expert */,
				5B58A1B12A86791E0008C270 /* Document */,
				5BA8F11D2A817F8D00C093C8 /* Chat */,
				5BA8F12F2A81B40800C093C8 /* AI */,
				5B58A1472A8437380008C270 /* Core Data */,
				5B94512E2A8083F100E30E9E /* Preview Content */,
				5B58A1452A8424150008C270 /* PreviewSamples.swift */,
				5BA8F12C2A81B02A00C093C8 /* Resources */,
				5BA8F11B2A817BA800C093C8 /* keys */,
				5B94512B2A8083F100E30E9E /* Assets.xcassets */,
				5B94512D2A8083F100E30E9E /* CleverGrove.entitlements */,
			);
			path = CleverGrove;
			sourceTree = "<group>";
		};
		5B94512E2A8083F100E30E9E /* Preview Content */ = {
			isa = PBXGroup;
			children = (
				5B94512F2A8083F100E30E9E /* Preview Assets.xcassets */,
			);
			path = "Preview Content";
			sourceTree = "<group>";
		};
		5B9451382A8083F100E30E9E /* CleverGroveTests */ = {
			isa = PBXGroup;
			children = (
				5B9451392A8083F100E30E9E /* EmbeddingTests.swift */,
				5B5993102A8680A5009FC4CB /* TextChunkTests.swift */,
				5BA8F1362A83095700C093C8 /* EmbeddingResponse.json */,
			);
			path = CleverGroveTests;
			sourceTree = "<group>";
		};
		5B9451422A8083F100E30E9E /* CleverGroveUITests */ = {
			isa = PBXGroup;
			children = (
				5B9451432A8083F100E30E9E /* CleverGroveUITests.swift */,
				5B9451452A8083F100E30E9E /* CleverGroveUITestsLaunchTests.swift */,
			);
			path = CleverGroveUITests;
			sourceTree = "<group>";
		};
		5BA8F11B2A817BA800C093C8 /* keys */ = {
			isa = PBXGroup;
			children = (
				5BA8F1192A81744A00C093C8 /* KeyStore.swift */,
				5BA8F1172A81714500C093C8 /* OpenAI-Info.plist */,
			);
			path = keys;
			sourceTree = "<group>";
		};
		5BA8F11D2A817F8D00C093C8 /* Chat */ = {
			isa = PBXGroup;
			children = (
				5BA8F12A2A81939200C093C8 /* ChatView.swift */,
				5B5993182A8A7AD6009FC4CB /* ChatViewHeader.swift */,
				5BA8F1242A8190F800C093C8 /* ChatBubble.swift */,
				5B58510A2A8C08ED00A01AAA /* TypingIndicator.swift */,
				5B58510C2A8C1B7200A01AAA /* View-Extensions.swift */,
				5B84DBC62A8E7C23004464EE /* ChatTextField.swift */,
			);
			path = Chat;
			sourceTree = "<group>";
		};
		5BA8F12C2A81B02A00C093C8 /* Resources */ = {
			isa = PBXGroup;
			children = (
				5BB651C42AA13B1500CD8957 /* Clever Cat.expert */,
			);
			path = Resources;
			sourceTree = "<group>";
		};
		5BA8F12F2A81B40800C093C8 /* AI */ = {
			isa = PBXGroup;
			children = (
				5B9451552A80848D00E30E9E /* OpenAICoordinator.swift */,
				5BA8F1302A82D40D00C093C8 /* OpenAIEmbeddings.swift */,
				5BA8F1382A831F2F00C093C8 /* OpenAINetwork.swift */,
				5B9BD54B2A8EC4DE0098C1B2 /* PromptBuilder.swift */,
				5B3C07FE2A97CAC0009DEA7F /* CommunicationStyle.swift */,
				5BA8F1322A82DE6200C093C8 /* AI-Extensions.swift */,
				5B6DBFD82AAA1CA5001451EB /* AILogger.swift */,
			);
			path = AI;
			sourceTree = "<group>";
		};
		5BA8F13A2A83FE9800C093C8 /* Expert */ = {
			isa = PBXGroup;
			children = (
				5BA8F1202A81841500C093C8 /* ExpertListView.swift */,
				5BA8F13B2A83FEBD00C093C8 /* EditExpertView.swift */,
				5BA8F11E2A817FAB00C093C8 /* ExpertSummary.swift */,
				5B58510E2A8C47F200A01AAA /* CharacterPicker.swift */,
				5B3C07F92A958D57009DEA7F /* FileImportView.swift */,
				5B837FD12A9BE1FC00780AE5 /* NameList.swift */,
			);
			path = Expert;
			sourceTree = "<group>";
		};
/* End PBXGroup section */

/* Begin PBXNativeTarget section */
		5B9451232A8083F000E30E9E /* CleverGrove */ = {
			isa = PBXNativeTarget;
			buildConfigurationList = 5B9451492A8083F100E30E9E /* Build configuration list for PBXNativeTarget "CleverGrove" */;
			buildPhases = (
				5B9451202A8083F000E30E9E /* Sources */,
				5B9451212A8083F000E30E9E /* Frameworks */,
				5B9451222A8083F000E30E9E /* Resources */,
			);
			buildRules = (
			);
			dependencies = (
			);
			name = CleverGrove;
			packageProductDependencies = (
				5B94515D2A80852800E30E9E /* OpenAIKit */,
				5B9BD54E2A93A0B70098C1B2 /* Zip */,
				5B9BD5532A93B5720098C1B2 /* XMLCoder */,
			);
			productName = CleverGrove;
			productReference = 5B9451242A8083F000E30E9E /* CleverGrove.app */;
			productType = "com.apple.product-type.application";
		};
		5B9451342A8083F100E30E9E /* CleverGroveTests */ = {
			isa = PBXNativeTarget;
			buildConfigurationList = 5B94514C2A8083F100E30E9E /* Build configuration list for PBXNativeTarget "CleverGroveTests" */;
			buildPhases = (
				5B9451312A8083F100E30E9E /* Sources */,
				5B9451322A8083F100E30E9E /* Frameworks */,
				5B9451332A8083F100E30E9E /* Resources */,
			);
			buildRules = (
			);
			dependencies = (
				5B9451372A8083F100E30E9E /* PBXTargetDependency */,
			);
			name = CleverGroveTests;
			productName = CleverGroveTests;
			productReference = 5B9451352A8083F100E30E9E /* CleverGroveTests.xctest */;
			productType = "com.apple.product-type.bundle.unit-test";
		};
		5B94513E2A8083F100E30E9E /* CleverGroveUITests */ = {
			isa = PBXNativeTarget;
			buildConfigurationList = 5B94514F2A8083F100E30E9E /* Build configuration list for PBXNativeTarget "CleverGroveUITests" */;
			buildPhases = (
				5B94513B2A8083F100E30E9E /* Sources */,
				5B94513C2A8083F100E30E9E /* Frameworks */,
				5B94513D2A8083F100E30E9E /* Resources */,
			);
			buildRules = (
			);
			dependencies = (
				5B9451412A8083F100E30E9E /* PBXTargetDependency */,
			);
			name = CleverGroveUITests;
			productName = CleverGroveUITests;
			productReference = 5B94513F2A8083F100E30E9E /* CleverGroveUITests.xctest */;
			productType = "com.apple.product-type.bundle.ui-testing";
		};
/* End PBXNativeTarget section */

/* Begin PBXProject section */
		5B94511C2A8083F000E30E9E /* Project object */ = {
			isa = PBXProject;
			attributes = {
				BuildIndependentTargetsInParallel = 1;
				LastSwiftUpdateCheck = 1430;
				LastUpgradeCheck = 1430;
				TargetAttributes = {
					5B9451232A8083F000E30E9E = {
						CreatedOnToolsVersion = 14.3.1;
					};
					5B9451342A8083F100E30E9E = {
						CreatedOnToolsVersion = 14.3.1;
						TestTargetID = 5B9451232A8083F000E30E9E;
					};
					5B94513E2A8083F100E30E9E = {
						CreatedOnToolsVersion = 14.3.1;
						TestTargetID = 5B9451232A8083F000E30E9E;
					};
				};
			};
			buildConfigurationList = 5B94511F2A8083F000E30E9E /* Build configuration list for PBXProject "CleverGrove" */;
			compatibilityVersion = "Xcode 14.0";
			developmentRegion = en;
			hasScannedForEncodings = 0;
			knownRegions = (
				en,
				Base,
			);
			mainGroup = 5B94511B2A8083F000E30E9E;
			packageReferences = (
				5B94515C2A80852800E30E9E /* XCRemoteSwiftPackageReference "OpenAI" */,
				5B9BD54D2A93A0B70098C1B2 /* XCRemoteSwiftPackageReference "Zip" */,
				5B9BD5522A93B5720098C1B2 /* XCRemoteSwiftPackageReference "XMLCoder" */,
			);
			productRefGroup = 5B9451252A8083F000E30E9E /* Products */;
			projectDirPath = "";
			projectRoot = "";
			targets = (
				5B9451232A8083F000E30E9E /* CleverGrove */,
				5B9451342A8083F100E30E9E /* CleverGroveTests */,
				5B94513E2A8083F100E30E9E /* CleverGroveUITests */,
			);
		};
/* End PBXProject section */

/* Begin PBXResourcesBuildPhase section */
		5B9451222A8083F000E30E9E /* Resources */ = {
			isa = PBXResourcesBuildPhase;
			buildActionMask = 2147483647;
			files = (
				5BB651C52AA13B1500CD8957 /* Clever Cat.expert in Resources */,
				5B9451302A8083F100E30E9E /* Preview Assets.xcassets in Resources */,
				5BA8F1182A81714500C093C8 /* OpenAI-Info.plist in Resources */,
				5B94512C2A8083F100E30E9E /* Assets.xcassets in Resources */,
			);
			runOnlyForDeploymentPostprocessing = 0;
		};
		5B9451332A8083F100E30E9E /* Resources */ = {
			isa = PBXResourcesBuildPhase;
			buildActionMask = 2147483647;
			files = (
				5BA8F1372A83095700C093C8 /* EmbeddingResponse.json in Resources */,
			);
			runOnlyForDeploymentPostprocessing = 0;
		};
		5B94513D2A8083F100E30E9E /* Resources */ = {
			isa = PBXResourcesBuildPhase;
			buildActionMask = 2147483647;
			files = (
			);
			runOnlyForDeploymentPostprocessing = 0;
		};
/* End PBXResourcesBuildPhase section */

/* Begin PBXSourcesBuildPhase section */
		5B9451202A8083F000E30E9E /* Sources */ = {
			isa = PBXSourcesBuildPhase;
			buildActionMask = 2147483647;
			files = (
				5B5993192A8A7AD6009FC4CB /* ChatViewHeader.swift in Sources */,
				5B58A1B02A85E6FD0008C270 /* CDExpert+CoreDataProperties.swift in Sources */,
				5B5993152A86F7D9009FC4CB /* DocumentList.swift in Sources */,
				5B3C07FD2A96671E009DEA7F /* FileReader.swift in Sources */,
				5BA8F1332A82DE6200C093C8 /* AI-Extensions.swift in Sources */,
				5B9BD5512A93B5260098C1B2 /* DocxDecoder.swift in Sources */,
				5BA8F13C2A83FEBD00C093C8 /* EditExpertView.swift in Sources */,
				5B58510B2A8C08ED00A01AAA /* TypingIndicator.swift in Sources */,
				5B49973A2A9FAD8E00BD30A2 /* UTType-Extensions.swift in Sources */,
				5B9BD54C2A8EC4DE0098C1B2 /* PromptBuilder.swift in Sources */,
				5B837FD22A9BE1FC00780AE5 /* NameList.swift in Sources */,
				5BA8F11A2A81744A00C093C8 /* KeyStore.swift in Sources */,
				5B837FD62A9EB4BA00780AE5 /* ShareSheet.swift in Sources */,
				5B58A14C2A84379E0008C270 /* CleverGrove.xcdatamodeld in Sources */,
				5B58A14E2A84386A0008C270 /* FileType.swift in Sources */,
				5B58A1BE2A867BEC0008C270 /* CDTextChunk+CoreDataClass.swift in Sources */,
				5B58A1462A8424150008C270 /* PreviewSamples.swift in Sources */,
				5B58A1AF2A85E6FD0008C270 /* CDExpert+CoreDataClass.swift in Sources */,
				5B5993172A89B158009FC4CB /* DocumentDecoder.swift in Sources */,
				5B84DBC72A8E7C23004464EE /* ChatTextField.swift in Sources */,
				5B5851122A8D1BDB00A01AAA /* CDChatExchange+CoreDataClass.swift in Sources */,
				5BA8F11F2A817FAB00C093C8 /* ExpertSummary.swift in Sources */,
				5B837FD42A9E69D900780AE5 /* ExpertExporter.swift in Sources */,
				5BA8F1392A831F2F00C093C8 /* OpenAINetwork.swift in Sources */,
				5BA8F1312A82D40D00C093C8 /* OpenAIEmbeddings.swift in Sources */,
				5B6DBFD92AAA1CA5001451EB /* AILogger.swift in Sources */,
				5BA8F1212A81841500C093C8 /* ExpertListView.swift in Sources */,
				5B58A1BF2A867BEC0008C270 /* CDTextChunk+CoreDataProperties.swift in Sources */,
				5B58510F2A8C47F200A01AAA /* CharacterPicker.swift in Sources */,
				5B837FD82A9EC49700780AE5 /* URL-Extensions.swift in Sources */,
				5BA8F12B2A81939200C093C8 /* ChatView.swift in Sources */,
				5B3C07FA2A958D57009DEA7F /* FileImportView.swift in Sources */,
				5B5993132A86D34D009FC4CB /* DocumentParser.swift in Sources */,
				5B9451282A8083F000E30E9E /* CleverGroveApp.swift in Sources */,
				5B9451592A80848D00E30E9E /* OpenAICoordinator.swift in Sources */,
				5B58A1402A8402940008C270 /* DocumentCapsule.swift in Sources */,
				5B3C07F82A954472009DEA7F /* DocumentCoordinator.swift in Sources */,
				5B58A1AE2A85E6FD0008C270 /* CDDocument+CoreDataProperties.swift in Sources */,
				5BA8F1252A8190F800C093C8 /* ChatBubble.swift in Sources */,
				5B3C07FF2A97CAC0009DEA7F /* CommunicationStyle.swift in Sources */,
				5B58A1AD2A85E6FD0008C270 /* CDDocument+CoreDataClass.swift in Sources */,
				5B5851132A8D1BDB00A01AAA /* CDChatExchange+CoreDataProperties.swift in Sources */,
				5B58A1492A8437520008C270 /* DataController.swift in Sources */,
				5B58A16C2A8533D30008C270 /* FilePicker.swift in Sources */,
				5B58510D2A8C1B7200A01AAA /* View-Extensions.swift in Sources */,
				5B04F0022A9FF2EA00A469D8 /* ExpertImporter.swift in Sources */,
			);
			runOnlyForDeploymentPostprocessing = 0;
		};
		5B9451312A8083F100E30E9E /* Sources */ = {
			isa = PBXSourcesBuildPhase;
			buildActionMask = 2147483647;
			files = (
				5B5993112A8680A5009FC4CB /* TextChunkTests.swift in Sources */,
				5B94513A2A8083F100E30E9E /* EmbeddingTests.swift in Sources */,
			);
			runOnlyForDeploymentPostprocessing = 0;
		};
		5B94513B2A8083F100E30E9E /* Sources */ = {
			isa = PBXSourcesBuildPhase;
			buildActionMask = 2147483647;
			files = (
				5B9451442A8083F100E30E9E /* CleverGroveUITests.swift in Sources */,
				5B9451462A8083F100E30E9E /* CleverGroveUITestsLaunchTests.swift in Sources */,
			);
			runOnlyForDeploymentPostprocessing = 0;
		};
/* End PBXSourcesBuildPhase section */

/* Begin PBXTargetDependency section */
		5B9451372A8083F100E30E9E /* PBXTargetDependency */ = {
			isa = PBXTargetDependency;
			target = 5B9451232A8083F000E30E9E /* CleverGrove */;
			targetProxy = 5B9451362A8083F100E30E9E /* PBXContainerItemProxy */;
		};
		5B9451412A8083F100E30E9E /* PBXTargetDependency */ = {
			isa = PBXTargetDependency;
			target = 5B9451232A8083F000E30E9E /* CleverGrove */;
			targetProxy = 5B9451402A8083F100E30E9E /* PBXContainerItemProxy */;
		};
/* End PBXTargetDependency section */

/* Begin XCBuildConfiguration section */
		5B9451472A8083F100E30E9E /* Debug */ = {
			isa = XCBuildConfiguration;
			buildSettings = {
				ALWAYS_SEARCH_USER_PATHS = NO;
				CLANG_ANALYZER_NONNULL = YES;
				CLANG_ANALYZER_NUMBER_OBJECT_CONVERSION = YES_AGGRESSIVE;
				CLANG_CXX_LANGUAGE_STANDARD = "gnu++20";
				CLANG_ENABLE_MODULES = YES;
				CLANG_ENABLE_OBJC_ARC = YES;
				CLANG_ENABLE_OBJC_WEAK = YES;
				CLANG_WARN_BLOCK_CAPTURE_AUTORELEASING = YES;
				CLANG_WARN_BOOL_CONVERSION = YES;
				CLANG_WARN_COMMA = YES;
				CLANG_WARN_CONSTANT_CONVERSION = YES;
				CLANG_WARN_DEPRECATED_OBJC_IMPLEMENTATIONS = YES;
				CLANG_WARN_DIRECT_OBJC_ISA_USAGE = YES_ERROR;
				CLANG_WARN_DOCUMENTATION_COMMENTS = YES;
				CLANG_WARN_EMPTY_BODY = YES;
				CLANG_WARN_ENUM_CONVERSION = YES;
				CLANG_WARN_INFINITE_RECURSION = YES;
				CLANG_WARN_INT_CONVERSION = YES;
				CLANG_WARN_NON_LITERAL_NULL_CONVERSION = YES;
				CLANG_WARN_OBJC_IMPLICIT_RETAIN_SELF = YES;
				CLANG_WARN_OBJC_LITERAL_CONVERSION = YES;
				CLANG_WARN_OBJC_ROOT_CLASS = YES_ERROR;
				CLANG_WARN_QUOTED_INCLUDE_IN_FRAMEWORK_HEADER = YES;
				CLANG_WARN_RANGE_LOOP_ANALYSIS = YES;
				CLANG_WARN_STRICT_PROTOTYPES = YES;
				CLANG_WARN_SUSPICIOUS_MOVE = YES;
				CLANG_WARN_UNGUARDED_AVAILABILITY = YES_AGGRESSIVE;
				CLANG_WARN_UNREACHABLE_CODE = YES;
				CLANG_WARN__DUPLICATE_METHOD_MATCH = YES;
				COPY_PHASE_STRIP = NO;
				DEBUG_INFORMATION_FORMAT = dwarf;
				ENABLE_STRICT_OBJC_MSGSEND = YES;
				ENABLE_TESTABILITY = YES;
				GCC_C_LANGUAGE_STANDARD = gnu11;
				GCC_DYNAMIC_NO_PIC = NO;
				GCC_NO_COMMON_BLOCKS = YES;
				GCC_OPTIMIZATION_LEVEL = 0;
				GCC_PREPROCESSOR_DEFINITIONS = (
					"DEBUG=1",
					"$(inherited)",
				);
				GCC_WARN_64_TO_32_BIT_CONVERSION = YES;
				GCC_WARN_ABOUT_RETURN_TYPE = YES_ERROR;
				GCC_WARN_UNDECLARED_SELECTOR = YES;
				GCC_WARN_UNINITIALIZED_AUTOS = YES_AGGRESSIVE;
				GCC_WARN_UNUSED_FUNCTION = YES;
				GCC_WARN_UNUSED_VARIABLE = YES;
				MTL_ENABLE_DEBUG_INFO = INCLUDE_SOURCE;
				MTL_FAST_MATH = YES;
				ONLY_ACTIVE_ARCH = YES;
				SWIFT_ACTIVE_COMPILATION_CONDITIONS = DEBUG;
				SWIFT_OPTIMIZATION_LEVEL = "-Onone";
			};
			name = Debug;
		};
		5B9451482A8083F100E30E9E /* Release */ = {
			isa = XCBuildConfiguration;
			buildSettings = {
				ALWAYS_SEARCH_USER_PATHS = NO;
				CLANG_ANALYZER_NONNULL = YES;
				CLANG_ANALYZER_NUMBER_OBJECT_CONVERSION = YES_AGGRESSIVE;
				CLANG_CXX_LANGUAGE_STANDARD = "gnu++20";
				CLANG_ENABLE_MODULES = YES;
				CLANG_ENABLE_OBJC_ARC = YES;
				CLANG_ENABLE_OBJC_WEAK = YES;
				CLANG_WARN_BLOCK_CAPTURE_AUTORELEASING = YES;
				CLANG_WARN_BOOL_CONVERSION = YES;
				CLANG_WARN_COMMA = YES;
				CLANG_WARN_CONSTANT_CONVERSION = YES;
				CLANG_WARN_DEPRECATED_OBJC_IMPLEMENTATIONS = YES;
				CLANG_WARN_DIRECT_OBJC_ISA_USAGE = YES_ERROR;
				CLANG_WARN_DOCUMENTATION_COMMENTS = YES;
				CLANG_WARN_EMPTY_BODY = YES;
				CLANG_WARN_ENUM_CONVERSION = YES;
				CLANG_WARN_INFINITE_RECURSION = YES;
				CLANG_WARN_INT_CONVERSION = YES;
				CLANG_WARN_NON_LITERAL_NULL_CONVERSION = YES;
				CLANG_WARN_OBJC_IMPLICIT_RETAIN_SELF = YES;
				CLANG_WARN_OBJC_LITERAL_CONVERSION = YES;
				CLANG_WARN_OBJC_ROOT_CLASS = YES_ERROR;
				CLANG_WARN_QUOTED_INCLUDE_IN_FRAMEWORK_HEADER = YES;
				CLANG_WARN_RANGE_LOOP_ANALYSIS = YES;
				CLANG_WARN_STRICT_PROTOTYPES = YES;
				CLANG_WARN_SUSPICIOUS_MOVE = YES;
				CLANG_WARN_UNGUARDED_AVAILABILITY = YES_AGGRESSIVE;
				CLANG_WARN_UNREACHABLE_CODE = YES;
				CLANG_WARN__DUPLICATE_METHOD_MATCH = YES;
				COPY_PHASE_STRIP = NO;
				DEBUG_INFORMATION_FORMAT = "dwarf-with-dsym";
				ENABLE_NS_ASSERTIONS = NO;
				ENABLE_STRICT_OBJC_MSGSEND = YES;
				GCC_C_LANGUAGE_STANDARD = gnu11;
				GCC_NO_COMMON_BLOCKS = YES;
				GCC_WARN_64_TO_32_BIT_CONVERSION = YES;
				GCC_WARN_ABOUT_RETURN_TYPE = YES_ERROR;
				GCC_WARN_UNDECLARED_SELECTOR = YES;
				GCC_WARN_UNINITIALIZED_AUTOS = YES_AGGRESSIVE;
				GCC_WARN_UNUSED_FUNCTION = YES;
				GCC_WARN_UNUSED_VARIABLE = YES;
				MTL_ENABLE_DEBUG_INFO = NO;
				MTL_FAST_MATH = YES;
				SWIFT_COMPILATION_MODE = wholemodule;
				SWIFT_OPTIMIZATION_LEVEL = "-O";
			};
			name = Release;
		};
		5B94514A2A8083F100E30E9E /* Debug */ = {
			isa = XCBuildConfiguration;
			buildSettings = {
				ASSETCATALOG_COMPILER_APPICON_NAME = AppIcon;
				ASSETCATALOG_COMPILER_GLOBAL_ACCENT_COLOR_NAME = AccentColor;
				CODE_SIGN_ENTITLEMENTS = CleverGrove/CleverGrove.entitlements;
				CODE_SIGN_STYLE = Automatic;
				CURRENT_PROJECT_VERSION = 5;
				DEVELOPMENT_ASSET_PATHS = "\"CleverGrove/Preview Content\"";
				DEVELOPMENT_TEAM = R78KK4824D;
				ENABLE_HARDENED_RUNTIME = YES;
				ENABLE_PREVIEWS = YES;
				GENERATE_INFOPLIST_FILE = YES;
				INFOPLIST_FILE = CleverGrove/Info.plist;
				INFOPLIST_KEY_LSSupportsOpeningDocumentsInPlace = YES;
				"INFOPLIST_KEY_UIApplicationSceneManifest_Generation[sdk=iphoneos*]" = YES;
				"INFOPLIST_KEY_UIApplicationSceneManifest_Generation[sdk=iphonesimulator*]" = YES;
				"INFOPLIST_KEY_UIApplicationSupportsIndirectInputEvents[sdk=iphoneos*]" = YES;
				"INFOPLIST_KEY_UIApplicationSupportsIndirectInputEvents[sdk=iphonesimulator*]" = YES;
				"INFOPLIST_KEY_UILaunchScreen_Generation[sdk=iphoneos*]" = YES;
				"INFOPLIST_KEY_UILaunchScreen_Generation[sdk=iphonesimulator*]" = YES;
				"INFOPLIST_KEY_UIStatusBarStyle[sdk=iphoneos*]" = UIStatusBarStyleDefault;
				"INFOPLIST_KEY_UIStatusBarStyle[sdk=iphonesimulator*]" = UIStatusBarStyleDefault;
				INFOPLIST_KEY_UISupportedInterfaceOrientations = UIInterfaceOrientationPortrait;
				INFOPLIST_KEY_UISupportedInterfaceOrientations_iPad = "UIInterfaceOrientationLandscapeLeft UIInterfaceOrientationLandscapeRight UIInterfaceOrientationPortrait UIInterfaceOrientationPortraitUpsideDown";
				IPHONEOS_DEPLOYMENT_TARGET = 16.0;
				LD_RUNPATH_SEARCH_PATHS = "@executable_path/Frameworks";
				"LD_RUNPATH_SEARCH_PATHS[sdk=macosx*]" = "@executable_path/../Frameworks";
				MACOSX_DEPLOYMENT_TARGET = 13.2;
				MARKETING_VERSION = 0.1;
				PRODUCT_BUNDLE_IDENTIFIER = GOUR.CleverGrove;
				PRODUCT_NAME = "$(TARGET_NAME)";
				SDKROOT = auto;
				SUPPORTED_PLATFORMS = "iphoneos iphonesimulator";
				SUPPORTS_MACCATALYST = NO;
				SUPPORTS_MAC_DESIGNED_FOR_IPHONE_IPAD = NO;
				SWIFT_EMIT_LOC_STRINGS = YES;
				SWIFT_VERSION = 5.0;
				TARGETED_DEVICE_FAMILY = 1;
			};
			name = Debug;
		};
		5B94514B2A8083F100E30E9E /* Release */ = {
			isa = XCBuildConfiguration;
			buildSettings = {
				ASSETCATALOG_COMPILER_APPICON_NAME = AppIcon;
				ASSETCATALOG_COMPILER_GLOBAL_ACCENT_COLOR_NAME = AccentColor;
				CODE_SIGN_ENTITLEMENTS = CleverGrove/CleverGrove.entitlements;
				CODE_SIGN_STYLE = Automatic;
				CURRENT_PROJECT_VERSION = 5;
				DEVELOPMENT_ASSET_PATHS = "\"CleverGrove/Preview Content\"";
				DEVELOPMENT_TEAM = R78KK4824D;
				ENABLE_HARDENED_RUNTIME = YES;
				ENABLE_PREVIEWS = YES;
				GENERATE_INFOPLIST_FILE = YES;
				INFOPLIST_FILE = CleverGrove/Info.plist;
				INFOPLIST_KEY_LSSupportsOpeningDocumentsInPlace = YES;
				"INFOPLIST_KEY_UIApplicationSceneManifest_Generation[sdk=iphoneos*]" = YES;
				"INFOPLIST_KEY_UIApplicationSceneManifest_Generation[sdk=iphonesimulator*]" = YES;
				"INFOPLIST_KEY_UIApplicationSupportsIndirectInputEvents[sdk=iphoneos*]" = YES;
				"INFOPLIST_KEY_UIApplicationSupportsIndirectInputEvents[sdk=iphonesimulator*]" = YES;
				"INFOPLIST_KEY_UILaunchScreen_Generation[sdk=iphoneos*]" = YES;
				"INFOPLIST_KEY_UILaunchScreen_Generation[sdk=iphonesimulator*]" = YES;
				"INFOPLIST_KEY_UIStatusBarStyle[sdk=iphoneos*]" = UIStatusBarStyleDefault;
				"INFOPLIST_KEY_UIStatusBarStyle[sdk=iphonesimulator*]" = UIStatusBarStyleDefault;
				INFOPLIST_KEY_UISupportedInterfaceOrientations = UIInterfaceOrientationPortrait;
				INFOPLIST_KEY_UISupportedInterfaceOrientations_iPad = "UIInterfaceOrientationLandscapeLeft UIInterfaceOrientationLandscapeRight UIInterfaceOrientationPortrait UIInterfaceOrientationPortraitUpsideDown";
				IPHONEOS_DEPLOYMENT_TARGET = 16.0;
				LD_RUNPATH_SEARCH_PATHS = "@executable_path/Frameworks";
				"LD_RUNPATH_SEARCH_PATHS[sdk=macosx*]" = "@executable_path/../Frameworks";
				MACOSX_DEPLOYMENT_TARGET = 13.2;
				MARKETING_VERSION = 0.1;
				PRODUCT_BUNDLE_IDENTIFIER = GOUR.CleverGrove;
				PRODUCT_NAME = "$(TARGET_NAME)";
				SDKROOT = auto;
				SUPPORTED_PLATFORMS = "iphoneos iphonesimulator";
				SUPPORTS_MACCATALYST = NO;
				SUPPORTS_MAC_DESIGNED_FOR_IPHONE_IPAD = NO;
				SWIFT_EMIT_LOC_STRINGS = YES;
				SWIFT_VERSION = 5.0;
				TARGETED_DEVICE_FAMILY = 1;
			};
			name = Release;
		};
		5B94514D2A8083F100E30E9E /* Debug */ = {
			isa = XCBuildConfiguration;
			buildSettings = {
				ALWAYS_EMBED_SWIFT_STANDARD_LIBRARIES = YES;
				BUNDLE_LOADER = "$(TEST_HOST)";
				CODE_SIGN_STYLE = Automatic;
				CURRENT_PROJECT_VERSION = 1;
				DEVELOPMENT_TEAM = R78KK4824D;
				GENERATE_INFOPLIST_FILE = YES;
				IPHONEOS_DEPLOYMENT_TARGET = 16.4;
				MACOSX_DEPLOYMENT_TARGET = 13.2;
				MARKETING_VERSION = 1.0;
				PRODUCT_BUNDLE_IDENTIFIER = GOUR.CleverGroveTests;
				PRODUCT_NAME = "$(TARGET_NAME)";
				SDKROOT = auto;
				SUPPORTED_PLATFORMS = "iphoneos iphonesimulator macosx";
				SWIFT_EMIT_LOC_STRINGS = NO;
				SWIFT_VERSION = 5.0;
				TARGETED_DEVICE_FAMILY = "1,2";
				TEST_HOST = "$(BUILT_PRODUCTS_DIR)/CleverGrove.app/$(BUNDLE_EXECUTABLE_FOLDER_PATH)/CleverGrove";
			};
			name = Debug;
		};
		5B94514E2A8083F100E30E9E /* Release */ = {
			isa = XCBuildConfiguration;
			buildSettings = {
				ALWAYS_EMBED_SWIFT_STANDARD_LIBRARIES = YES;
				BUNDLE_LOADER = "$(TEST_HOST)";
				CODE_SIGN_STYLE = Automatic;
				CURRENT_PROJECT_VERSION = 1;
				DEVELOPMENT_TEAM = R78KK4824D;
				GENERATE_INFOPLIST_FILE = YES;
				IPHONEOS_DEPLOYMENT_TARGET = 16.4;
				MACOSX_DEPLOYMENT_TARGET = 13.2;
				MARKETING_VERSION = 1.0;
				PRODUCT_BUNDLE_IDENTIFIER = GOUR.CleverGroveTests;
				PRODUCT_NAME = "$(TARGET_NAME)";
				SDKROOT = auto;
				SUPPORTED_PLATFORMS = "iphoneos iphonesimulator macosx";
				SWIFT_EMIT_LOC_STRINGS = NO;
				SWIFT_VERSION = 5.0;
				TARGETED_DEVICE_FAMILY = "1,2";
				TEST_HOST = "$(BUILT_PRODUCTS_DIR)/CleverGrove.app/$(BUNDLE_EXECUTABLE_FOLDER_PATH)/CleverGrove";
			};
			name = Release;
		};
		5B9451502A8083F100E30E9E /* Debug */ = {
			isa = XCBuildConfiguration;
			buildSettings = {
				ALWAYS_EMBED_SWIFT_STANDARD_LIBRARIES = YES;
				CODE_SIGN_STYLE = Automatic;
				CURRENT_PROJECT_VERSION = 1;
				DEVELOPMENT_TEAM = R78KK4824D;
				GENERATE_INFOPLIST_FILE = YES;
				IPHONEOS_DEPLOYMENT_TARGET = 16.4;
				MACOSX_DEPLOYMENT_TARGET = 13.2;
				MARKETING_VERSION = 1.0;
				PRODUCT_BUNDLE_IDENTIFIER = GOUR.CleverGroveUITests;
				PRODUCT_NAME = "$(TARGET_NAME)";
				SDKROOT = auto;
				SUPPORTED_PLATFORMS = "iphoneos iphonesimulator macosx";
				SWIFT_EMIT_LOC_STRINGS = NO;
				SWIFT_VERSION = 5.0;
				TARGETED_DEVICE_FAMILY = "1,2";
				TEST_TARGET_NAME = CleverGrove;
			};
			name = Debug;
		};
		5B9451512A8083F100E30E9E /* Release */ = {
			isa = XCBuildConfiguration;
			buildSettings = {
				ALWAYS_EMBED_SWIFT_STANDARD_LIBRARIES = YES;
				CODE_SIGN_STYLE = Automatic;
				CURRENT_PROJECT_VERSION = 1;
				DEVELOPMENT_TEAM = R78KK4824D;
				GENERATE_INFOPLIST_FILE = YES;
				IPHONEOS_DEPLOYMENT_TARGET = 16.4;
				MACOSX_DEPLOYMENT_TARGET = 13.2;
				MARKETING_VERSION = 1.0;
				PRODUCT_BUNDLE_IDENTIFIER = GOUR.CleverGroveUITests;
				PRODUCT_NAME = "$(TARGET_NAME)";
				SDKROOT = auto;
				SUPPORTED_PLATFORMS = "iphoneos iphonesimulator macosx";
				SWIFT_EMIT_LOC_STRINGS = NO;
				SWIFT_VERSION = 5.0;
				TARGETED_DEVICE_FAMILY = "1,2";
				TEST_TARGET_NAME = CleverGrove;
			};
			name = Release;
		};
/* End XCBuildConfiguration section */

/* Begin XCConfigurationList section */
		5B94511F2A8083F000E30E9E /* Build configuration list for PBXProject "CleverGrove" */ = {
			isa = XCConfigurationList;
			buildConfigurations = (
				5B9451472A8083F100E30E9E /* Debug */,
				5B9451482A8083F100E30E9E /* Release */,
			);
			defaultConfigurationIsVisible = 0;
			defaultConfigurationName = Release;
		};
		5B9451492A8083F100E30E9E /* Build configuration list for PBXNativeTarget "CleverGrove" */ = {
			isa = XCConfigurationList;
			buildConfigurations = (
				5B94514A2A8083F100E30E9E /* Debug */,
				5B94514B2A8083F100E30E9E /* Release */,
			);
			defaultConfigurationIsVisible = 0;
			defaultConfigurationName = Release;
		};
		5B94514C2A8083F100E30E9E /* Build configuration list for PBXNativeTarget "CleverGroveTests" */ = {
			isa = XCConfigurationList;
			buildConfigurations = (
				5B94514D2A8083F100E30E9E /* Debug */,
				5B94514E2A8083F100E30E9E /* Release */,
			);
			defaultConfigurationIsVisible = 0;
			defaultConfigurationName = Release;
		};
		5B94514F2A8083F100E30E9E /* Build configuration list for PBXNativeTarget "CleverGroveUITests" */ = {
			isa = XCConfigurationList;
			buildConfigurations = (
				5B9451502A8083F100E30E9E /* Debug */,
				5B9451512A8083F100E30E9E /* Release */,
			);
			defaultConfigurationIsVisible = 0;
			defaultConfigurationName = Release;
		};
/* End XCConfigurationList section */

/* Begin XCRemoteSwiftPackageReference section */
		5B94515C2A80852800E30E9E /* XCRemoteSwiftPackageReference "OpenAI" */ = {
			isa = XCRemoteSwiftPackageReference;
			repositoryURL = "https://github.com/FuturraGroup/OpenAI";
			requirement = {
				kind = upToNextMajorVersion;
				minimumVersion = 1.0.0;
			};
		};
		5B9BD54D2A93A0B70098C1B2 /* XCRemoteSwiftPackageReference "Zip" */ = {
			isa = XCRemoteSwiftPackageReference;
			repositoryURL = "https://github.com/marmelroy/Zip";
			requirement = {
				kind = upToNextMajorVersion;
				minimumVersion = 2.0.0;
			};
		};
		5B9BD5522A93B5720098C1B2 /* XCRemoteSwiftPackageReference "XMLCoder" */ = {
			isa = XCRemoteSwiftPackageReference;
			repositoryURL = "https://github.com/CoreOffice/XMLCoder";
			requirement = {
				kind = upToNextMajorVersion;
				minimumVersion = 0.17.1;
			};
		};
/* End XCRemoteSwiftPackageReference section */

/* Begin XCSwiftPackageProductDependency section */
		5B94515D2A80852800E30E9E /* OpenAIKit */ = {
			isa = XCSwiftPackageProductDependency;
			package = 5B94515C2A80852800E30E9E /* XCRemoteSwiftPackageReference "OpenAI" */;
			productName = OpenAIKit;
		};
		5B9BD54E2A93A0B70098C1B2 /* Zip */ = {
			isa = XCSwiftPackageProductDependency;
			package = 5B9BD54D2A93A0B70098C1B2 /* XCRemoteSwiftPackageReference "Zip" */;
			productName = Zip;
		};
		5B9BD5532A93B5720098C1B2 /* XMLCoder */ = {
			isa = XCSwiftPackageProductDependency;
			package = 5B9BD5522A93B5720098C1B2 /* XCRemoteSwiftPackageReference "XMLCoder" */;
			productName = XMLCoder;
		};
/* End XCSwiftPackageProductDependency section */

/* Begin XCVersionGroup section */
		5B58A14A2A84379E0008C270 /* CleverGrove.xcdatamodeld */ = {
			isa = XCVersionGroup;
			children = (
				5B58A14B2A84379E0008C270 /* CleverGrove.xcdatamodel */,
			);
			currentVersion = 5B58A14B2A84379E0008C270 /* CleverGrove.xcdatamodel */;
			path = CleverGrove.xcdatamodeld;
			sourceTree = "<group>";
			versionGroupType = wrapper.xcdatamodel;
		};
/* End XCVersionGroup section */
	};
	rootObject = 5B94511C2A8083F000E30E9E /* Project object */;
}
